// !$*UTF8*$!
{
	archiveVersion = 1;
	classes = {
	};
	objectVersion = 56;
	objects = {

/* Begin PBXBuildFile section */
		25132E412A05651E00A8C155 /* LeoNetworking in Frameworks */ = {isa = PBXBuildFile; productRef = 25132E402A05651E00A8C155 /* LeoNetworking */; };
		25132E482A05CCFB00A8C155 /* SwiftMessages in Frameworks */ = {isa = PBXBuildFile; productRef = 25132E472A05CCFB00A8C155 /* SwiftMessages */; };
		25132E4C2A05CD3E00A8C155 /* AppPopupView.swift in Sources */ = {isa = PBXBuildFile; fileRef = 25132E4B2A05CD3E00A8C155 /* AppPopupView.swift */; };
		25132E4E2A05CD4D00A8C155 /* AppPopupView.xib in Resources */ = {isa = PBXBuildFile; fileRef = 25132E4D2A05CD4D00A8C155 /* AppPopupView.xib */; };
		25132E502A05CD7E00A8C155 /* NibView.swift in Sources */ = {isa = PBXBuildFile; fileRef = 25132E4F2A05CD7E00A8C155 /* NibView.swift */; };
		25132E522A05CD9A00A8C155 /* UIViewExtension.swift in Sources */ = {isa = PBXBuildFile; fileRef = 25132E512A05CD9A00A8C155 /* UIViewExtension.swift */; };
		25132E542A05CEE100A8C155 /* AppPopupViewModel.swift in Sources */ = {isa = PBXBuildFile; fileRef = 25132E532A05CEE100A8C155 /* AppPopupViewModel.swift */; };
		25132E562A05CF4B00A8C155 /* SwiftMessagesManager.swift in Sources */ = {isa = PBXBuildFile; fileRef = 25132E552A05CF4B00A8C155 /* SwiftMessagesManager.swift */; };
		25132E582A05CFFC00A8C155 /* DefaultAppPopupState.swift in Sources */ = {isa = PBXBuildFile; fileRef = 25132E572A05CFFC00A8C155 /* DefaultAppPopupState.swift */; };
		2525C1E12A000C07002706F0 /* AppDelegate.swift in Sources */ = {isa = PBXBuildFile; fileRef = 2525C1E02A000C07002706F0 /* AppDelegate.swift */; };
		2525C1E32A000C07002706F0 /* SceneDelegate.swift in Sources */ = {isa = PBXBuildFile; fileRef = 2525C1E22A000C07002706F0 /* SceneDelegate.swift */; };
		2525C1EA2A000C08002706F0 /* Assets.xcassets in Resources */ = {isa = PBXBuildFile; fileRef = 2525C1E92A000C08002706F0 /* Assets.xcassets */; };
		2525C1ED2A000C08002706F0 /* LaunchScreen.storyboard in Resources */ = {isa = PBXBuildFile; fileRef = 2525C1EB2A000C08002706F0 /* LaunchScreen.storyboard */; };
		2525C1F82A000C08002706F0 /* LeoCalculatorTests.swift in Sources */ = {isa = PBXBuildFile; fileRef = 2525C1F72A000C08002706F0 /* LeoCalculatorTests.swift */; };
		2525C2022A000C08002706F0 /* LeoCalculatorUITests.swift in Sources */ = {isa = PBXBuildFile; fileRef = 2525C2012A000C08002706F0 /* LeoCalculatorUITests.swift */; };
		2525C2042A000C08002706F0 /* LeoCalculatorUITestsLaunchTests.swift in Sources */ = {isa = PBXBuildFile; fileRef = 2525C2032A000C08002706F0 /* LeoCalculatorUITestsLaunchTests.swift */; };
		2525C2152A000E70002706F0 /* BaseViewController.swift in Sources */ = {isa = PBXBuildFile; fileRef = 2525C2142A000E70002706F0 /* BaseViewController.swift */; };
		2525C2182A000E92002706F0 /* NSObjectExtension.swift in Sources */ = {isa = PBXBuildFile; fileRef = 2525C2172A000E92002706F0 /* NSObjectExtension.swift */; };
		2525C21A2A000F03002706F0 /* ViewInterface.swift in Sources */ = {isa = PBXBuildFile; fileRef = 2525C2192A000F03002706F0 /* ViewInterface.swift */; };
		2525C21C2A000F2D002706F0 /* PresenterInterface.swift in Sources */ = {isa = PBXBuildFile; fileRef = 2525C21B2A000F2D002706F0 /* PresenterInterface.swift */; };
		2525C21E2A000F3B002706F0 /* InteractorInterface.swift in Sources */ = {isa = PBXBuildFile; fileRef = 2525C21D2A000F3B002706F0 /* InteractorInterface.swift */; };
		2525C2202A000F46002706F0 /* RouterInterface.swift in Sources */ = {isa = PBXBuildFile; fileRef = 2525C21F2A000F46002706F0 /* RouterInterface.swift */; };
		2525C2232A0014BE002706F0 /* HomeViewController.swift in Sources */ = {isa = PBXBuildFile; fileRef = 2525C2222A0014BE002706F0 /* HomeViewController.swift */; };
		2525C2252A0014C4002706F0 /* HomePresenter.swift in Sources */ = {isa = PBXBuildFile; fileRef = 2525C2242A0014C4002706F0 /* HomePresenter.swift */; };
		2525C2272A0014CF002706F0 /* HomeInteractor.swift in Sources */ = {isa = PBXBuildFile; fileRef = 2525C2262A0014CF002706F0 /* HomeInteractor.swift */; };
		2525C2292A0014D5002706F0 /* HomeRouter.swift in Sources */ = {isa = PBXBuildFile; fileRef = 2525C2282A0014D5002706F0 /* HomeRouter.swift */; };
		2525C22C2A002440002706F0 /* Home.storyboard in Resources */ = {isa = PBXBuildFile; fileRef = 2525C22B2A002440002706F0 /* Home.storyboard */; };
		2525C22E2A0024F0002706F0 /* Storyboarded.swift in Sources */ = {isa = PBXBuildFile; fileRef = 2525C22D2A0024F0002706F0 /* Storyboarded.swift */; };
		2525C2302A002504002706F0 /* StoryboardNames.swift in Sources */ = {isa = PBXBuildFile; fileRef = 2525C22F2A002504002706F0 /* StoryboardNames.swift */; };
		2525C2322A003576002706F0 /* UIFontExtension.swift in Sources */ = {isa = PBXBuildFile; fileRef = 2525C2312A003576002706F0 /* UIFontExtension.swift */; };
		253E6ED32A04689B003714A6 /* Endpoint.swift in Sources */ = {isa = PBXBuildFile; fileRef = 253E6ED22A04689B003714A6 /* Endpoint.swift */; };
		253E6ED52A046962003714A6 /* Config.plist in Resources */ = {isa = PBXBuildFile; fileRef = 253E6ED42A046962003714A6 /* Config.plist */; };
		253E6ED72A0469E6003714A6 /* Config.swift in Sources */ = {isa = PBXBuildFile; fileRef = 253E6ED62A0469E6003714A6 /* Config.swift */; };
		253E6ED92A046B34003714A6 /* BaseURL.swift in Sources */ = {isa = PBXBuildFile; fileRef = 253E6ED82A046B34003714A6 /* BaseURL.swift */; };
		253E6EDB2A046CB3003714A6 /* ClientError.swift in Sources */ = {isa = PBXBuildFile; fileRef = 253E6EDA2A046CB3003714A6 /* ClientError.swift */; };
		253E6EDF2A046DC8003714A6 /* ConvertingCurrenciesEndpointItem.swift in Sources */ = {isa = PBXBuildFile; fileRef = 253E6EDE2A046DC8003714A6 /* ConvertingCurrenciesEndpointItem.swift */; };
		253E6EE32A0472DC003714A6 /* Typealias.swift in Sources */ = {isa = PBXBuildFile; fileRef = 253E6EE22A0472DC003714A6 /* Typealias.swift */; };
		253E6EE52A0473DC003714A6 /* ConversionResultResponse.swift in Sources */ = {isa = PBXBuildFile; fileRef = 253E6EE42A0473DC003714A6 /* ConversionResultResponse.swift */; };
		253E6EE72A047641003714A6 /* Currencies.swift in Sources */ = {isa = PBXBuildFile; fileRef = 253E6EE62A047641003714A6 /* Currencies.swift */; };
		253E6EE92A0478A2003714A6 /* DateExtension.swift in Sources */ = {isa = PBXBuildFile; fileRef = 253E6EE82A0478A2003714A6 /* DateExtension.swift */; };
		253E6EEC2A0481E5003714A6 /* MBProgressHUD in Frameworks */ = {isa = PBXBuildFile; productRef = 253E6EEB2A0481E5003714A6 /* MBProgressHUD */; };
		253E6EEE2A04822A003714A6 /* HUDManager.swift in Sources */ = {isa = PBXBuildFile; fileRef = 253E6EED2A04822A003714A6 /* HUDManager.swift */; };
		253E6EF02A04832B003714A6 /* Localizable.strings in Resources */ = {isa = PBXBuildFile; fileRef = 253E6EEF2A04832B003714A6 /* Localizable.strings */; };
		253E6EF22A048362003714A6 /* Localizable.swift in Sources */ = {isa = PBXBuildFile; fileRef = 253E6EF12A048362003714A6 /* Localizable.swift */; };
		25BB7A742A082D03000FEF13 /* NSNotificationExtension.swift in Sources */ = {isa = PBXBuildFile; fileRef = 25BB7A732A082D03000FEF13 /* NSNotificationExtension.swift */; };
		25BB7A832A0837ED000FEF13 /* Colors.xcassets in Resources */ = {isa = PBXBuildFile; fileRef = 25BB7A822A0837ED000FEF13 /* Colors.xcassets */; };
		25BB7A852A0838E6000FEF13 /* UIColorExtension.swift in Sources */ = {isa = PBXBuildFile; fileRef = 25BB7A842A0838E6000FEF13 /* UIColorExtension.swift */; };
		25D792AC2A0263A9000CC7FA /* LeoCalculation in Frameworks */ = {isa = PBXBuildFile; productRef = 25D792AB2A0263A9000CC7FA /* LeoCalculation */; };
		25D792B22A02EEF4000CC7FA /* GoogleService-Info.plist in Resources */ = {isa = PBXBuildFile; fileRef = 25D792B12A02EEF4000CC7FA /* GoogleService-Info.plist */; };
		25D792B52A02EF3A000CC7FA /* FirebaseAnalytics in Frameworks */ = {isa = PBXBuildFile; productRef = 25D792B42A02EF3A000CC7FA /* FirebaseAnalytics */; };
		25D792B72A02EF3A000CC7FA /* FirebaseAnalyticsOnDeviceConversion in Frameworks */ = {isa = PBXBuildFile; productRef = 25D792B62A02EF3A000CC7FA /* FirebaseAnalyticsOnDeviceConversion */; };
		25D792B92A02EF3A000CC7FA /* FirebaseAnalyticsSwift in Frameworks */ = {isa = PBXBuildFile; productRef = 25D792B82A02EF3A000CC7FA /* FirebaseAnalyticsSwift */; };
		25D792BB2A02EF3A000CC7FA /* FirebaseAnalyticsWithoutAdIdSupport in Frameworks */ = {isa = PBXBuildFile; productRef = 25D792BA2A02EF3A000CC7FA /* FirebaseAnalyticsWithoutAdIdSupport */; };
		25D792BD2A02EF3A000CC7FA /* FirebaseCrashlytics in Frameworks */ = {isa = PBXBuildFile; productRef = 25D792BC2A02EF3A000CC7FA /* FirebaseCrashlytics */; };
		25D792BF2A02EF3A000CC7FA /* FirebaseRemoteConfig in Frameworks */ = {isa = PBXBuildFile; productRef = 25D792BE2A02EF3A000CC7FA /* FirebaseRemoteConfig */; };
		25D792C12A02EF3A000CC7FA /* FirebaseRemoteConfigSwift in Frameworks */ = {isa = PBXBuildFile; productRef = 25D792C02A02EF3A000CC7FA /* FirebaseRemoteConfigSwift */; };
		25D792C42A02EF55000CC7FA /* RCManager.swift in Sources */ = {isa = PBXBuildFile; fileRef = 25D792C32A02EF55000CC7FA /* RCManager.swift */; };
		25D792C62A02F34B000CC7FA /* CompositionRoot.swift in Sources */ = {isa = PBXBuildFile; fileRef = 25D792C52A02F34B000CC7FA /* CompositionRoot.swift */; };
		25D792C92A0300E9000CC7FA /* ThemeProtocol.swift in Sources */ = {isa = PBXBuildFile; fileRef = 25D792C82A0300E9000CC7FA /* ThemeProtocol.swift */; };
		25D792CB2A0301DC000CC7FA /* Themes.swift in Sources */ = {isa = PBXBuildFile; fileRef = 25D792CA2A0301DC000CC7FA /* Themes.swift */; };
		25D792CD2A030353000CC7FA /* ThemeManager.swift in Sources */ = {isa = PBXBuildFile; fileRef = 25D792CC2A030353000CC7FA /* ThemeManager.swift */; };
		25D792CF2A03063D000CC7FA /* HomeUIModel.swift in Sources */ = {isa = PBXBuildFile; fileRef = 25D792CE2A03063D000CC7FA /* HomeUIModel.swift */; };
		25D792D22A031C5C000CC7FA /* HomeHiddenModel.swift in Sources */ = {isa = PBXBuildFile; fileRef = 25D792D12A031C5C000CC7FA /* HomeHiddenModel.swift */; };
/* End PBXBuildFile section */

/* Begin PBXContainerItemProxy section */
		2525C1F42A000C08002706F0 /* PBXContainerItemProxy */ = {
			isa = PBXContainerItemProxy;
			containerPortal = 2525C1D52A000C07002706F0 /* Project object */;
			proxyType = 1;
			remoteGlobalIDString = 2525C1DC2A000C07002706F0;
			remoteInfo = LeoCalculator;
		};
		2525C1FE2A000C08002706F0 /* PBXContainerItemProxy */ = {
			isa = PBXContainerItemProxy;
			containerPortal = 2525C1D52A000C07002706F0 /* Project object */;
			proxyType = 1;
			remoteGlobalIDString = 2525C1DC2A000C07002706F0;
			remoteInfo = LeoCalculator;
		};
/* End PBXContainerItemProxy section */

/* Begin PBXFileReference section */
		25132E4B2A05CD3E00A8C155 /* AppPopupView.swift */ = {isa = PBXFileReference; lastKnownFileType = sourcecode.swift; path = AppPopupView.swift; sourceTree = "<group>"; };
		25132E4D2A05CD4D00A8C155 /* AppPopupView.xib */ = {isa = PBXFileReference; lastKnownFileType = file.xib; path = AppPopupView.xib; sourceTree = "<group>"; };
		25132E4F2A05CD7E00A8C155 /* NibView.swift */ = {isa = PBXFileReference; lastKnownFileType = sourcecode.swift; path = NibView.swift; sourceTree = "<group>"; };
		25132E512A05CD9A00A8C155 /* UIViewExtension.swift */ = {isa = PBXFileReference; lastKnownFileType = sourcecode.swift; path = UIViewExtension.swift; sourceTree = "<group>"; };
		25132E532A05CEE100A8C155 /* AppPopupViewModel.swift */ = {isa = PBXFileReference; lastKnownFileType = sourcecode.swift; path = AppPopupViewModel.swift; sourceTree = "<group>"; };
		25132E552A05CF4B00A8C155 /* SwiftMessagesManager.swift */ = {isa = PBXFileReference; lastKnownFileType = sourcecode.swift; path = SwiftMessagesManager.swift; sourceTree = "<group>"; };
		25132E572A05CFFC00A8C155 /* DefaultAppPopupState.swift */ = {isa = PBXFileReference; lastKnownFileType = sourcecode.swift; path = DefaultAppPopupState.swift; sourceTree = "<group>"; };
		2525C1DD2A000C07002706F0 /* LeoCalculator.app */ = {isa = PBXFileReference; explicitFileType = wrapper.application; includeInIndex = 0; path = LeoCalculator.app; sourceTree = BUILT_PRODUCTS_DIR; };
		2525C1E02A000C07002706F0 /* AppDelegate.swift */ = {isa = PBXFileReference; lastKnownFileType = sourcecode.swift; path = AppDelegate.swift; sourceTree = "<group>"; };
		2525C1E22A000C07002706F0 /* SceneDelegate.swift */ = {isa = PBXFileReference; lastKnownFileType = sourcecode.swift; path = SceneDelegate.swift; sourceTree = "<group>"; };
		2525C1E92A000C08002706F0 /* Assets.xcassets */ = {isa = PBXFileReference; lastKnownFileType = folder.assetcatalog; path = Assets.xcassets; sourceTree = "<group>"; };
		2525C1EC2A000C08002706F0 /* Base */ = {isa = PBXFileReference; lastKnownFileType = file.storyboard; name = Base; path = Base.lproj/LaunchScreen.storyboard; sourceTree = "<group>"; };
		2525C1EE2A000C08002706F0 /* Info.plist */ = {isa = PBXFileReference; lastKnownFileType = text.plist.xml; path = Info.plist; sourceTree = "<group>"; };
		2525C1F32A000C08002706F0 /* LeoCalculatorTests.xctest */ = {isa = PBXFileReference; explicitFileType = wrapper.cfbundle; includeInIndex = 0; path = LeoCalculatorTests.xctest; sourceTree = BUILT_PRODUCTS_DIR; };
		2525C1F72A000C08002706F0 /* LeoCalculatorTests.swift */ = {isa = PBXFileReference; lastKnownFileType = sourcecode.swift; path = LeoCalculatorTests.swift; sourceTree = "<group>"; };
		2525C1FD2A000C08002706F0 /* LeoCalculatorUITests.xctest */ = {isa = PBXFileReference; explicitFileType = wrapper.cfbundle; includeInIndex = 0; path = LeoCalculatorUITests.xctest; sourceTree = BUILT_PRODUCTS_DIR; };
		2525C2012A000C08002706F0 /* LeoCalculatorUITests.swift */ = {isa = PBXFileReference; lastKnownFileType = sourcecode.swift; path = LeoCalculatorUITests.swift; sourceTree = "<group>"; };
		2525C2032A000C08002706F0 /* LeoCalculatorUITestsLaunchTests.swift */ = {isa = PBXFileReference; lastKnownFileType = sourcecode.swift; path = LeoCalculatorUITestsLaunchTests.swift; sourceTree = "<group>"; };
		2525C2142A000E70002706F0 /* BaseViewController.swift */ = {isa = PBXFileReference; lastKnownFileType = sourcecode.swift; path = BaseViewController.swift; sourceTree = "<group>"; };
		2525C2172A000E92002706F0 /* NSObjectExtension.swift */ = {isa = PBXFileReference; lastKnownFileType = sourcecode.swift; path = NSObjectExtension.swift; sourceTree = "<group>"; };
		2525C2192A000F03002706F0 /* ViewInterface.swift */ = {isa = PBXFileReference; lastKnownFileType = sourcecode.swift; path = ViewInterface.swift; sourceTree = "<group>"; };
		2525C21B2A000F2D002706F0 /* PresenterInterface.swift */ = {isa = PBXFileReference; lastKnownFileType = sourcecode.swift; path = PresenterInterface.swift; sourceTree = "<group>"; };
		2525C21D2A000F3B002706F0 /* InteractorInterface.swift */ = {isa = PBXFileReference; lastKnownFileType = sourcecode.swift; path = InteractorInterface.swift; sourceTree = "<group>"; };
		2525C21F2A000F46002706F0 /* RouterInterface.swift */ = {isa = PBXFileReference; lastKnownFileType = sourcecode.swift; path = RouterInterface.swift; sourceTree = "<group>"; };
		2525C2222A0014BE002706F0 /* HomeViewController.swift */ = {isa = PBXFileReference; lastKnownFileType = sourcecode.swift; path = HomeViewController.swift; sourceTree = "<group>"; };
		2525C2242A0014C4002706F0 /* HomePresenter.swift */ = {isa = PBXFileReference; lastKnownFileType = sourcecode.swift; path = HomePresenter.swift; sourceTree = "<group>"; };
		2525C2262A0014CF002706F0 /* HomeInteractor.swift */ = {isa = PBXFileReference; lastKnownFileType = sourcecode.swift; path = HomeInteractor.swift; sourceTree = "<group>"; };
		2525C2282A0014D5002706F0 /* HomeRouter.swift */ = {isa = PBXFileReference; lastKnownFileType = sourcecode.swift; path = HomeRouter.swift; sourceTree = "<group>"; };
		2525C22B2A002440002706F0 /* Home.storyboard */ = {isa = PBXFileReference; lastKnownFileType = file.storyboard; path = Home.storyboard; sourceTree = "<group>"; };
		2525C22D2A0024F0002706F0 /* Storyboarded.swift */ = {isa = PBXFileReference; lastKnownFileType = sourcecode.swift; path = Storyboarded.swift; sourceTree = "<group>"; };
		2525C22F2A002504002706F0 /* StoryboardNames.swift */ = {isa = PBXFileReference; lastKnownFileType = sourcecode.swift; path = StoryboardNames.swift; sourceTree = "<group>"; };
		2525C2312A003576002706F0 /* UIFontExtension.swift */ = {isa = PBXFileReference; lastKnownFileType = sourcecode.swift; path = UIFontExtension.swift; sourceTree = "<group>"; };
		253E6ED22A04689B003714A6 /* Endpoint.swift */ = {isa = PBXFileReference; lastKnownFileType = sourcecode.swift; path = Endpoint.swift; sourceTree = "<group>"; };
		253E6ED42A046962003714A6 /* Config.plist */ = {isa = PBXFileReference; lastKnownFileType = text.plist.xml; path = Config.plist; sourceTree = "<group>"; };
		253E6ED62A0469E6003714A6 /* Config.swift */ = {isa = PBXFileReference; lastKnownFileType = sourcecode.swift; path = Config.swift; sourceTree = "<group>"; };
		253E6ED82A046B34003714A6 /* BaseURL.swift */ = {isa = PBXFileReference; lastKnownFileType = sourcecode.swift; path = BaseURL.swift; sourceTree = "<group>"; };
		253E6EDA2A046CB3003714A6 /* ClientError.swift */ = {isa = PBXFileReference; lastKnownFileType = sourcecode.swift; path = ClientError.swift; sourceTree = "<group>"; };
		253E6EDE2A046DC8003714A6 /* ConvertingCurrenciesEndpointItem.swift */ = {isa = PBXFileReference; lastKnownFileType = sourcecode.swift; path = ConvertingCurrenciesEndpointItem.swift; sourceTree = "<group>"; };
		253E6EE22A0472DC003714A6 /* Typealias.swift */ = {isa = PBXFileReference; lastKnownFileType = sourcecode.swift; path = Typealias.swift; sourceTree = "<group>"; };
		253E6EE42A0473DC003714A6 /* ConversionResultResponse.swift */ = {isa = PBXFileReference; lastKnownFileType = sourcecode.swift; path = ConversionResultResponse.swift; sourceTree = "<group>"; };
		253E6EE62A047641003714A6 /* Currencies.swift */ = {isa = PBXFileReference; lastKnownFileType = sourcecode.swift; path = Currencies.swift; sourceTree = "<group>"; };
		253E6EE82A0478A2003714A6 /* DateExtension.swift */ = {isa = PBXFileReference; lastKnownFileType = sourcecode.swift; path = DateExtension.swift; sourceTree = "<group>"; };
		253E6EED2A04822A003714A6 /* HUDManager.swift */ = {isa = PBXFileReference; lastKnownFileType = sourcecode.swift; path = HUDManager.swift; sourceTree = "<group>"; };
		253E6EEF2A04832B003714A6 /* Localizable.strings */ = {isa = PBXFileReference; lastKnownFileType = text.plist.strings; path = Localizable.strings; sourceTree = "<group>"; };
		253E6EF12A048362003714A6 /* Localizable.swift */ = {isa = PBXFileReference; lastKnownFileType = sourcecode.swift; path = Localizable.swift; sourceTree = "<group>"; };
		25BB7A732A082D03000FEF13 /* NSNotificationExtension.swift */ = {isa = PBXFileReference; lastKnownFileType = sourcecode.swift; path = NSNotificationExtension.swift; sourceTree = "<group>"; };
		25BB7A822A0837ED000FEF13 /* Colors.xcassets */ = {isa = PBXFileReference; lastKnownFileType = folder.assetcatalog; path = Colors.xcassets; sourceTree = "<group>"; };
		25BB7A842A0838E6000FEF13 /* UIColorExtension.swift */ = {isa = PBXFileReference; lastKnownFileType = sourcecode.swift; path = UIColorExtension.swift; sourceTree = "<group>"; };
		25D792B12A02EEF4000CC7FA /* GoogleService-Info.plist */ = {isa = PBXFileReference; fileEncoding = 4; lastKnownFileType = text.plist.xml; path = "GoogleService-Info.plist"; sourceTree = "<group>"; };
		25D792C32A02EF55000CC7FA /* RCManager.swift */ = {isa = PBXFileReference; lastKnownFileType = sourcecode.swift; path = RCManager.swift; sourceTree = "<group>"; };
		25D792C52A02F34B000CC7FA /* CompositionRoot.swift */ = {isa = PBXFileReference; lastKnownFileType = sourcecode.swift; path = CompositionRoot.swift; sourceTree = "<group>"; };
		25D792C82A0300E9000CC7FA /* ThemeProtocol.swift */ = {isa = PBXFileReference; lastKnownFileType = sourcecode.swift; path = ThemeProtocol.swift; sourceTree = "<group>"; };
		25D792CA2A0301DC000CC7FA /* Themes.swift */ = {isa = PBXFileReference; lastKnownFileType = sourcecode.swift; path = Themes.swift; sourceTree = "<group>"; };
		25D792CC2A030353000CC7FA /* ThemeManager.swift */ = {isa = PBXFileReference; lastKnownFileType = sourcecode.swift; path = ThemeManager.swift; sourceTree = "<group>"; };
		25D792CE2A03063D000CC7FA /* HomeUIModel.swift */ = {isa = PBXFileReference; lastKnownFileType = sourcecode.swift; path = HomeUIModel.swift; sourceTree = "<group>"; };
		25D792D12A031C5C000CC7FA /* HomeHiddenModel.swift */ = {isa = PBXFileReference; lastKnownFileType = sourcecode.swift; path = HomeHiddenModel.swift; sourceTree = "<group>"; };
/* End PBXFileReference section */

/* Begin PBXFrameworksBuildPhase section */
		2525C1DA2A000C07002706F0 /* Frameworks */ = {
			isa = PBXFrameworksBuildPhase;
			buildActionMask = 2147483647;
			files = (
				25D792B92A02EF3A000CC7FA /* FirebaseAnalyticsSwift in Frameworks */,
				25D792C12A02EF3A000CC7FA /* FirebaseRemoteConfigSwift in Frameworks */,
				253E6EEC2A0481E5003714A6 /* MBProgressHUD in Frameworks */,
				25D792BB2A02EF3A000CC7FA /* FirebaseAnalyticsWithoutAdIdSupport in Frameworks */,
				25D792B52A02EF3A000CC7FA /* FirebaseAnalytics in Frameworks */,
				25D792BF2A02EF3A000CC7FA /* FirebaseRemoteConfig in Frameworks */,
				25D792BD2A02EF3A000CC7FA /* FirebaseCrashlytics in Frameworks */,
				25132E482A05CCFB00A8C155 /* SwiftMessages in Frameworks */,
				25132E412A05651E00A8C155 /* LeoNetworking in Frameworks */,
				25D792B72A02EF3A000CC7FA /* FirebaseAnalyticsOnDeviceConversion in Frameworks */,
				25D792AC2A0263A9000CC7FA /* LeoCalculation in Frameworks */,
			);
			runOnlyForDeploymentPostprocessing = 0;
		};
		2525C1F02A000C08002706F0 /* Frameworks */ = {
			isa = PBXFrameworksBuildPhase;
			buildActionMask = 2147483647;
			files = (
			);
			runOnlyForDeploymentPostprocessing = 0;
		};
		2525C1FA2A000C08002706F0 /* Frameworks */ = {
			isa = PBXFrameworksBuildPhase;
			buildActionMask = 2147483647;
			files = (
			);
			runOnlyForDeploymentPostprocessing = 0;
		};
/* End PBXFrameworksBuildPhase section */

/* Begin PBXGroup section */
		25132E492A05CD1A00A8C155 /* Components */ = {
			isa = PBXGroup;
			children = (
				25132E4A2A05CD2700A8C155 /* AppPopupView */,
			);
			path = Components;
			sourceTree = "<group>";
		};
		25132E4A2A05CD2700A8C155 /* AppPopupView */ = {
			isa = PBXGroup;
			children = (
				25132E4B2A05CD3E00A8C155 /* AppPopupView.swift */,
				25132E4D2A05CD4D00A8C155 /* AppPopupView.xib */,
				25132E532A05CEE100A8C155 /* AppPopupViewModel.swift */,
				25132E572A05CFFC00A8C155 /* DefaultAppPopupState.swift */,
			);
			path = AppPopupView;
			sourceTree = "<group>";
		};
		2525C1D42A000C07002706F0 = {
			isa = PBXGroup;
			children = (
				2525C1DF2A000C07002706F0 /* LeoCalculator */,
				2525C1F62A000C08002706F0 /* LeoCalculatorTests */,
				2525C2002A000C08002706F0 /* LeoCalculatorUITests */,
				2525C1DE2A000C07002706F0 /* Products */,
			);
			sourceTree = "<group>";
		};
		2525C1DE2A000C07002706F0 /* Products */ = {
			isa = PBXGroup;
			children = (
				2525C1DD2A000C07002706F0 /* LeoCalculator.app */,
				2525C1F32A000C08002706F0 /* LeoCalculatorTests.xctest */,
				2525C1FD2A000C08002706F0 /* LeoCalculatorUITests.xctest */,
			);
			name = Products;
			sourceTree = "<group>";
		};
		2525C1DF2A000C07002706F0 /* LeoCalculator */ = {
			isa = PBXGroup;
			children = (
				2525C2102A000D7A002706F0 /* App */,
				2525C2112A000D82002706F0 /* Module */,
				25132E492A05CD1A00A8C155 /* Components */,
				253E6ED12A04688B003714A6 /* Networking */,
				253E6EDC2A046DA9003714A6 /* Rest */,
				2525C2162A000E84002706F0 /* Extensions */,
				25D792C22A02EF49000CC7FA /* Utils */,
				2525C2122A000D8B002706F0 /* Resources */,
				2525C22A2A002433002706F0 /* Storyboards */,
				2525C1EE2A000C08002706F0 /* Info.plist */,
				25D792B12A02EEF4000CC7FA /* GoogleService-Info.plist */,
			);
			path = LeoCalculator;
			sourceTree = "<group>";
		};
		2525C1F62A000C08002706F0 /* LeoCalculatorTests */ = {
			isa = PBXGroup;
			children = (
				2525C1F72A000C08002706F0 /* LeoCalculatorTests.swift */,
			);
			path = LeoCalculatorTests;
			sourceTree = "<group>";
		};
		2525C2002A000C08002706F0 /* LeoCalculatorUITests */ = {
			isa = PBXGroup;
			children = (
				2525C2012A000C08002706F0 /* LeoCalculatorUITests.swift */,
				2525C2032A000C08002706F0 /* LeoCalculatorUITestsLaunchTests.swift */,
			);
			path = LeoCalculatorUITests;
			sourceTree = "<group>";
		};
		2525C2102A000D7A002706F0 /* App */ = {
			isa = PBXGroup;
			children = (
				2525C1E02A000C07002706F0 /* AppDelegate.swift */,
				2525C1E22A000C07002706F0 /* SceneDelegate.swift */,
				25D792C52A02F34B000CC7FA /* CompositionRoot.swift */,
				253E6ED42A046962003714A6 /* Config.plist */,
			);
			path = App;
			sourceTree = "<group>";
		};
		2525C2112A000D82002706F0 /* Module */ = {
			isa = PBXGroup;
			children = (
				2525C2132A000E60002706F0 /* Base */,
				2525C2212A0014B2002706F0 /* Home */,
			);
			path = Module;
			sourceTree = "<group>";
		};
		2525C2122A000D8B002706F0 /* Resources */ = {
			isa = PBXGroup;
			children = (
				2525C1E92A000C08002706F0 /* Assets.xcassets */,
				25BB7A822A0837ED000FEF13 /* Colors.xcassets */,
				2525C1EB2A000C08002706F0 /* LaunchScreen.storyboard */,
				253E6EEF2A04832B003714A6 /* Localizable.strings */,
			);
			path = Resources;
			sourceTree = "<group>";
		};
		2525C2132A000E60002706F0 /* Base */ = {
			isa = PBXGroup;
			children = (
				2525C2142A000E70002706F0 /* BaseViewController.swift */,
				2525C2192A000F03002706F0 /* ViewInterface.swift */,
				2525C21B2A000F2D002706F0 /* PresenterInterface.swift */,
				2525C21D2A000F3B002706F0 /* InteractorInterface.swift */,
				2525C21F2A000F46002706F0 /* RouterInterface.swift */,
			);
			path = Base;
			sourceTree = "<group>";
		};
		2525C2162A000E84002706F0 /* Extensions */ = {
			isa = PBXGroup;
			children = (
				2525C2172A000E92002706F0 /* NSObjectExtension.swift */,
				2525C2312A003576002706F0 /* UIFontExtension.swift */,
				253E6EE82A0478A2003714A6 /* DateExtension.swift */,
				25132E512A05CD9A00A8C155 /* UIViewExtension.swift */,
				25BB7A732A082D03000FEF13 /* NSNotificationExtension.swift */,
				25BB7A842A0838E6000FEF13 /* UIColorExtension.swift */,
			);
			path = Extensions;
			sourceTree = "<group>";
		};
		2525C2212A0014B2002706F0 /* Home */ = {
			isa = PBXGroup;
			children = (
				25D792D02A031C4F000CC7FA /* Models */,
				2525C2222A0014BE002706F0 /* HomeViewController.swift */,
				2525C2242A0014C4002706F0 /* HomePresenter.swift */,
				2525C2262A0014CF002706F0 /* HomeInteractor.swift */,
				2525C2282A0014D5002706F0 /* HomeRouter.swift */,
			);
			path = Home;
			sourceTree = "<group>";
		};
		2525C22A2A002433002706F0 /* Storyboards */ = {
			isa = PBXGroup;
			children = (
				2525C22D2A0024F0002706F0 /* Storyboarded.swift */,
				2525C22F2A002504002706F0 /* StoryboardNames.swift */,
				2525C22B2A002440002706F0 /* Home.storyboard */,
			);
			path = Storyboards;
			sourceTree = "<group>";
		};
		253E6ED12A04688B003714A6 /* Networking */ = {
			isa = PBXGroup;
			children = (
				253E6ED22A04689B003714A6 /* Endpoint.swift */,
				253E6ED82A046B34003714A6 /* BaseURL.swift */,
				253E6EDA2A046CB3003714A6 /* ClientError.swift */,
				253E6EE22A0472DC003714A6 /* Typealias.swift */,
			);
			path = Networking;
			sourceTree = "<group>";
		};
		253E6EDC2A046DA9003714A6 /* Rest */ = {
			isa = PBXGroup;
			children = (
				253E6EDD2A046DAF003714A6 /* ConvertingCurrencies */,
			);
			path = Rest;
			sourceTree = "<group>";
		};
		253E6EDD2A046DAF003714A6 /* ConvertingCurrencies */ = {
			isa = PBXGroup;
			children = (
				253E6EDE2A046DC8003714A6 /* ConvertingCurrenciesEndpointItem.swift */,
				253E6EE42A0473DC003714A6 /* ConversionResultResponse.swift */,
				253E6EE62A047641003714A6 /* Currencies.swift */,
			);
			path = ConvertingCurrencies;
			sourceTree = "<group>";
		};
		25D792C22A02EF49000CC7FA /* Utils */ = {
			isa = PBXGroup;
			children = (
				25D792C72A0300C3000CC7FA /* AppThemeManager */,
				25D792C32A02EF55000CC7FA /* RCManager.swift */,
				253E6ED62A0469E6003714A6 /* Config.swift */,
				253E6EED2A04822A003714A6 /* HUDManager.swift */,
				253E6EF12A048362003714A6 /* Localizable.swift */,
				25132E4F2A05CD7E00A8C155 /* NibView.swift */,
				25132E552A05CF4B00A8C155 /* SwiftMessagesManager.swift */,
			);
			path = Utils;
			sourceTree = "<group>";
		};
		25D792C72A0300C3000CC7FA /* AppThemeManager */ = {
			isa = PBXGroup;
			children = (
				25D792C82A0300E9000CC7FA /* ThemeProtocol.swift */,
				25D792CA2A0301DC000CC7FA /* Themes.swift */,
				25D792CC2A030353000CC7FA /* ThemeManager.swift */,
			);
			path = AppThemeManager;
			sourceTree = "<group>";
		};
		25D792D02A031C4F000CC7FA /* Models */ = {
			isa = PBXGroup;
			children = (
				25D792CE2A03063D000CC7FA /* HomeUIModel.swift */,
				25D792D12A031C5C000CC7FA /* HomeHiddenModel.swift */,
			);
			path = Models;
			sourceTree = "<group>";
		};
/* End PBXGroup section */

/* Begin PBXNativeTarget section */
		2525C1DC2A000C07002706F0 /* LeoCalculator */ = {
			isa = PBXNativeTarget;
			buildConfigurationList = 2525C2072A000C08002706F0 /* Build configuration list for PBXNativeTarget "LeoCalculator" */;
			buildPhases = (
				2525C1D92A000C07002706F0 /* Sources */,
				2525C1DA2A000C07002706F0 /* Frameworks */,
				2525C1DB2A000C07002706F0 /* Resources */,
				25C531B42A084E2A0014C032 /* Firebase Crashlytics Run Script */,
			);
			buildRules = (
			);
			dependencies = (
			);
			name = LeoCalculator;
			packageProductDependencies = (
				25D792AB2A0263A9000CC7FA /* LeoCalculation */,
				25D792B42A02EF3A000CC7FA /* FirebaseAnalytics */,
				25D792B62A02EF3A000CC7FA /* FirebaseAnalyticsOnDeviceConversion */,
				25D792B82A02EF3A000CC7FA /* FirebaseAnalyticsSwift */,
				25D792BA2A02EF3A000CC7FA /* FirebaseAnalyticsWithoutAdIdSupport */,
				25D792BC2A02EF3A000CC7FA /* FirebaseCrashlytics */,
				25D792BE2A02EF3A000CC7FA /* FirebaseRemoteConfig */,
				25D792C02A02EF3A000CC7FA /* FirebaseRemoteConfigSwift */,
				253E6EEB2A0481E5003714A6 /* MBProgressHUD */,
				25132E402A05651E00A8C155 /* LeoNetworking */,
				25132E472A05CCFB00A8C155 /* SwiftMessages */,
			);
			productName = LeoCalculator;
			productReference = 2525C1DD2A000C07002706F0 /* LeoCalculator.app */;
			productType = "com.apple.product-type.application";
		};
		2525C1F22A000C08002706F0 /* LeoCalculatorTests */ = {
			isa = PBXNativeTarget;
			buildConfigurationList = 2525C20A2A000C08002706F0 /* Build configuration list for PBXNativeTarget "LeoCalculatorTests" */;
			buildPhases = (
				2525C1EF2A000C08002706F0 /* Sources */,
				2525C1F02A000C08002706F0 /* Frameworks */,
				2525C1F12A000C08002706F0 /* Resources */,
			);
			buildRules = (
			);
			dependencies = (
				2525C1F52A000C08002706F0 /* PBXTargetDependency */,
			);
			name = LeoCalculatorTests;
			productName = LeoCalculatorTests;
			productReference = 2525C1F32A000C08002706F0 /* LeoCalculatorTests.xctest */;
			productType = "com.apple.product-type.bundle.unit-test";
		};
		2525C1FC2A000C08002706F0 /* LeoCalculatorUITests */ = {
			isa = PBXNativeTarget;
			buildConfigurationList = 2525C20D2A000C08002706F0 /* Build configuration list for PBXNativeTarget "LeoCalculatorUITests" */;
			buildPhases = (
				2525C1F92A000C08002706F0 /* Sources */,
				2525C1FA2A000C08002706F0 /* Frameworks */,
				2525C1FB2A000C08002706F0 /* Resources */,
			);
			buildRules = (
			);
			dependencies = (
				2525C1FF2A000C08002706F0 /* PBXTargetDependency */,
			);
			name = LeoCalculatorUITests;
			productName = LeoCalculatorUITests;
			productReference = 2525C1FD2A000C08002706F0 /* LeoCalculatorUITests.xctest */;
			productType = "com.apple.product-type.bundle.ui-testing";
		};
/* End PBXNativeTarget section */

/* Begin PBXProject section */
		2525C1D52A000C07002706F0 /* Project object */ = {
			isa = PBXProject;
			attributes = {
				BuildIndependentTargetsInParallel = 1;
				LastSwiftUpdateCheck = 1430;
				LastUpgradeCheck = 1430;
				TargetAttributes = {
					2525C1DC2A000C07002706F0 = {
						CreatedOnToolsVersion = 14.3;
					};
					2525C1F22A000C08002706F0 = {
						CreatedOnToolsVersion = 14.3;
						TestTargetID = 2525C1DC2A000C07002706F0;
					};
					2525C1FC2A000C08002706F0 = {
						CreatedOnToolsVersion = 14.3;
						TestTargetID = 2525C1DC2A000C07002706F0;
					};
				};
			};
			buildConfigurationList = 2525C1D82A000C07002706F0 /* Build configuration list for PBXProject "LeoCalculator" */;
			compatibilityVersion = "Xcode 14.0";
			developmentRegion = en;
			hasScannedForEncodings = 0;
			knownRegions = (
				en,
				Base,
			);
			mainGroup = 2525C1D42A000C07002706F0;
			packageReferences = (
				25D792AA2A0263A9000CC7FA /* XCRemoteSwiftPackageReference "LeoCalculation" */,
				25D792B32A02EF3A000CC7FA /* XCRemoteSwiftPackageReference "firebase-ios-sdk" */,
				253E6EEA2A0481E5003714A6 /* XCRemoteSwiftPackageReference "MBProgressHUD" */,
				25132E3F2A05651E00A8C155 /* XCRemoteSwiftPackageReference "LeoNetworking" */,
				25132E462A05CCFB00A8C155 /* XCRemoteSwiftPackageReference "SwiftMessages" */,
			);
			productRefGroup = 2525C1DE2A000C07002706F0 /* Products */;
			projectDirPath = "";
			projectRoot = "";
			targets = (
				2525C1DC2A000C07002706F0 /* LeoCalculator */,
				2525C1F22A000C08002706F0 /* LeoCalculatorTests */,
				2525C1FC2A000C08002706F0 /* LeoCalculatorUITests */,
			);
		};
/* End PBXProject section */

/* Begin PBXResourcesBuildPhase section */
		2525C1DB2A000C07002706F0 /* Resources */ = {
			isa = PBXResourcesBuildPhase;
			buildActionMask = 2147483647;
			files = (
				2525C22C2A002440002706F0 /* Home.storyboard in Resources */,
				253E6EF02A04832B003714A6 /* Localizable.strings in Resources */,
				25132E4E2A05CD4D00A8C155 /* AppPopupView.xib in Resources */,
				25D792B22A02EEF4000CC7FA /* GoogleService-Info.plist in Resources */,
				2525C1ED2A000C08002706F0 /* LaunchScreen.storyboard in Resources */,
				25BB7A832A0837ED000FEF13 /* Colors.xcassets in Resources */,
				253E6ED52A046962003714A6 /* Config.plist in Resources */,
				2525C1EA2A000C08002706F0 /* Assets.xcassets in Resources */,
			);
			runOnlyForDeploymentPostprocessing = 0;
		};
		2525C1F12A000C08002706F0 /* Resources */ = {
			isa = PBXResourcesBuildPhase;
			buildActionMask = 2147483647;
			files = (
			);
			runOnlyForDeploymentPostprocessing = 0;
		};
		2525C1FB2A000C08002706F0 /* Resources */ = {
			isa = PBXResourcesBuildPhase;
			buildActionMask = 2147483647;
			files = (
			);
			runOnlyForDeploymentPostprocessing = 0;
		};
/* End PBXResourcesBuildPhase section */

/* Begin PBXShellScriptBuildPhase section */
		25C531B42A084E2A0014C032 /* Firebase Crashlytics Run Script */ = {
			isa = PBXShellScriptBuildPhase;
			buildActionMask = 2147483647;
			files = (
			);
			inputFileListPaths = (
			);
			inputPaths = (
				"${DWARF_DSYM_FOLDER_PATH}/${DWARF_DSYM_FILE_NAME}/Contents/Resources/DWARF/${TARGET_NAME}",
				"$(SRCROOT)/$(BUILT_PRODUCTS_DIR)/$(INFOPLIST_PATH)",
			);
			name = "Firebase Crashlytics Run Script";
			outputFileListPaths = (
			);
			outputPaths = (
			);
			runOnlyForDeploymentPostprocessing = 0;
			shellPath = /bin/sh;
			shellScript = "# Type a script or drag a script file from your workspace to insert its path.\n\"${BUILD_DIR%/Build/*}/SourcePackages/checkouts/firebase-ios-sdk/Crashlytics/run\"\n";
		};
/* End PBXShellScriptBuildPhase section */

/* Begin PBXSourcesBuildPhase section */
		2525C1D92A000C07002706F0 /* Sources */ = {
			isa = PBXSourcesBuildPhase;
			buildActionMask = 2147483647;
			files = (
				2525C21E2A000F3B002706F0 /* InteractorInterface.swift in Sources */,
				25BB7A852A0838E6000FEF13 /* UIColorExtension.swift in Sources */,
				253E6EDB2A046CB3003714A6 /* ClientError.swift in Sources */,
				25132E582A05CFFC00A8C155 /* DefaultAppPopupState.swift in Sources */,
				2525C2322A003576002706F0 /* UIFontExtension.swift in Sources */,
				2525C2182A000E92002706F0 /* NSObjectExtension.swift in Sources */,
				25BB7A742A082D03000FEF13 /* NSNotificationExtension.swift in Sources */,
				253E6EE92A0478A2003714A6 /* DateExtension.swift in Sources */,
				2525C2272A0014CF002706F0 /* HomeInteractor.swift in Sources */,
				25132E522A05CD9A00A8C155 /* UIViewExtension.swift in Sources */,
				253E6ED92A046B34003714A6 /* BaseURL.swift in Sources */,
				253E6EEE2A04822A003714A6 /* HUDManager.swift in Sources */,
				253E6EE32A0472DC003714A6 /* Typealias.swift in Sources */,
				25D792CB2A0301DC000CC7FA /* Themes.swift in Sources */,
				253E6ED72A0469E6003714A6 /* Config.swift in Sources */,
				2525C2152A000E70002706F0 /* BaseViewController.swift in Sources */,
				253E6EE52A0473DC003714A6 /* ConversionResultResponse.swift in Sources */,
				2525C1E12A000C07002706F0 /* AppDelegate.swift in Sources */,
				25D792CD2A030353000CC7FA /* ThemeManager.swift in Sources */,
				2525C22E2A0024F0002706F0 /* Storyboarded.swift in Sources */,
				253E6EDF2A046DC8003714A6 /* ConvertingCurrenciesEndpointItem.swift in Sources */,
				2525C2292A0014D5002706F0 /* HomeRouter.swift in Sources */,
				2525C2232A0014BE002706F0 /* HomeViewController.swift in Sources */,
				25D792CF2A03063D000CC7FA /* HomeUIModel.swift in Sources */,
				2525C21A2A000F03002706F0 /* ViewInterface.swift in Sources */,
				25D792C42A02EF55000CC7FA /* RCManager.swift in Sources */,
				25132E562A05CF4B00A8C155 /* SwiftMessagesManager.swift in Sources */,
				253E6EF22A048362003714A6 /* Localizable.swift in Sources */,
				25D792D22A031C5C000CC7FA /* HomeHiddenModel.swift in Sources */,
				2525C1E32A000C07002706F0 /* SceneDelegate.swift in Sources */,
				25132E542A05CEE100A8C155 /* AppPopupViewModel.swift in Sources */,
				25132E4C2A05CD3E00A8C155 /* AppPopupView.swift in Sources */,
				2525C2202A000F46002706F0 /* RouterInterface.swift in Sources */,
				253E6ED32A04689B003714A6 /* Endpoint.swift in Sources */,
				253E6EE72A047641003714A6 /* Currencies.swift in Sources */,
				25D792C62A02F34B000CC7FA /* CompositionRoot.swift in Sources */,
				2525C2302A002504002706F0 /* StoryboardNames.swift in Sources */,
				25D792C92A0300E9000CC7FA /* ThemeProtocol.swift in Sources */,
				2525C21C2A000F2D002706F0 /* PresenterInterface.swift in Sources */,
				2525C2252A0014C4002706F0 /* HomePresenter.swift in Sources */,
				25132E502A05CD7E00A8C155 /* NibView.swift in Sources */,
			);
			runOnlyForDeploymentPostprocessing = 0;
		};
		2525C1EF2A000C08002706F0 /* Sources */ = {
			isa = PBXSourcesBuildPhase;
			buildActionMask = 2147483647;
			files = (
				2525C1F82A000C08002706F0 /* LeoCalculatorTests.swift in Sources */,
			);
			runOnlyForDeploymentPostprocessing = 0;
		};
		2525C1F92A000C08002706F0 /* Sources */ = {
			isa = PBXSourcesBuildPhase;
			buildActionMask = 2147483647;
			files = (
				2525C2022A000C08002706F0 /* LeoCalculatorUITests.swift in Sources */,
				2525C2042A000C08002706F0 /* LeoCalculatorUITestsLaunchTests.swift in Sources */,
			);
			runOnlyForDeploymentPostprocessing = 0;
		};
/* End PBXSourcesBuildPhase section */

/* Begin PBXTargetDependency section */
		2525C1F52A000C08002706F0 /* PBXTargetDependency */ = {
			isa = PBXTargetDependency;
			target = 2525C1DC2A000C07002706F0 /* LeoCalculator */;
			targetProxy = 2525C1F42A000C08002706F0 /* PBXContainerItemProxy */;
		};
		2525C1FF2A000C08002706F0 /* PBXTargetDependency */ = {
			isa = PBXTargetDependency;
			target = 2525C1DC2A000C07002706F0 /* LeoCalculator */;
			targetProxy = 2525C1FE2A000C08002706F0 /* PBXContainerItemProxy */;
		};
/* End PBXTargetDependency section */

/* Begin PBXVariantGroup section */
		2525C1EB2A000C08002706F0 /* LaunchScreen.storyboard */ = {
			isa = PBXVariantGroup;
			children = (
				2525C1EC2A000C08002706F0 /* Base */,
			);
			name = LaunchScreen.storyboard;
			sourceTree = "<group>";
		};
/* End PBXVariantGroup section */

/* Begin XCBuildConfiguration section */
		2525C2052A000C08002706F0 /* Debug */ = {
			isa = XCBuildConfiguration;
			buildSettings = {
				ALWAYS_SEARCH_USER_PATHS = NO;
				CLANG_ANALYZER_NONNULL = YES;
				CLANG_ANALYZER_NUMBER_OBJECT_CONVERSION = YES_AGGRESSIVE;
				CLANG_CXX_LANGUAGE_STANDARD = "gnu++20";
				CLANG_ENABLE_MODULES = YES;
				CLANG_ENABLE_OBJC_ARC = YES;
				CLANG_ENABLE_OBJC_WEAK = YES;
				CLANG_WARN_BLOCK_CAPTURE_AUTORELEASING = YES;
				CLANG_WARN_BOOL_CONVERSION = YES;
				CLANG_WARN_COMMA = YES;
				CLANG_WARN_CONSTANT_CONVERSION = YES;
				CLANG_WARN_DEPRECATED_OBJC_IMPLEMENTATIONS = YES;
				CLANG_WARN_DIRECT_OBJC_ISA_USAGE = YES_ERROR;
				CLANG_WARN_DOCUMENTATION_COMMENTS = YES;
				CLANG_WARN_EMPTY_BODY = YES;
				CLANG_WARN_ENUM_CONVERSION = YES;
				CLANG_WARN_INFINITE_RECURSION = YES;
				CLANG_WARN_INT_CONVERSION = YES;
				CLANG_WARN_NON_LITERAL_NULL_CONVERSION = YES;
				CLANG_WARN_OBJC_IMPLICIT_RETAIN_SELF = YES;
				CLANG_WARN_OBJC_LITERAL_CONVERSION = YES;
				CLANG_WARN_OBJC_ROOT_CLASS = YES_ERROR;
				CLANG_WARN_QUOTED_INCLUDE_IN_FRAMEWORK_HEADER = YES;
				CLANG_WARN_RANGE_LOOP_ANALYSIS = YES;
				CLANG_WARN_STRICT_PROTOTYPES = YES;
				CLANG_WARN_SUSPICIOUS_MOVE = YES;
				CLANG_WARN_UNGUARDED_AVAILABILITY = YES_AGGRESSIVE;
				CLANG_WARN_UNREACHABLE_CODE = YES;
				CLANG_WARN__DUPLICATE_METHOD_MATCH = YES;
				COPY_PHASE_STRIP = NO;
				DEBUG_INFORMATION_FORMAT = "dwarf-with-dsym";
				ENABLE_STRICT_OBJC_MSGSEND = YES;
				ENABLE_TESTABILITY = YES;
				GCC_C_LANGUAGE_STANDARD = gnu11;
				GCC_DYNAMIC_NO_PIC = NO;
				GCC_NO_COMMON_BLOCKS = YES;
				GCC_OPTIMIZATION_LEVEL = 0;
				GCC_PREPROCESSOR_DEFINITIONS = (
					"DEBUG=1",
					"$(inherited)",
				);
				GCC_WARN_64_TO_32_BIT_CONVERSION = YES;
				GCC_WARN_ABOUT_RETURN_TYPE = YES_ERROR;
				GCC_WARN_UNDECLARED_SELECTOR = YES;
				GCC_WARN_UNINITIALIZED_AUTOS = YES_AGGRESSIVE;
				GCC_WARN_UNUSED_FUNCTION = YES;
				GCC_WARN_UNUSED_VARIABLE = YES;
				IPHONEOS_DEPLOYMENT_TARGET = 15.0;
				MTL_ENABLE_DEBUG_INFO = INCLUDE_SOURCE;
				MTL_FAST_MATH = YES;
				ONLY_ACTIVE_ARCH = YES;
				SDKROOT = iphoneos;
				SWIFT_ACTIVE_COMPILATION_CONDITIONS = DEBUG;
				SWIFT_OPTIMIZATION_LEVEL = "-Onone";
			};
			name = Debug;
		};
		2525C2062A000C08002706F0 /* Release */ = {
			isa = XCBuildConfiguration;
			buildSettings = {
				ALWAYS_SEARCH_USER_PATHS = NO;
				CLANG_ANALYZER_NONNULL = YES;
				CLANG_ANALYZER_NUMBER_OBJECT_CONVERSION = YES_AGGRESSIVE;
				CLANG_CXX_LANGUAGE_STANDARD = "gnu++20";
				CLANG_ENABLE_MODULES = YES;
				CLANG_ENABLE_OBJC_ARC = YES;
				CLANG_ENABLE_OBJC_WEAK = YES;
				CLANG_WARN_BLOCK_CAPTURE_AUTORELEASING = YES;
				CLANG_WARN_BOOL_CONVERSION = YES;
				CLANG_WARN_COMMA = YES;
				CLANG_WARN_CONSTANT_CONVERSION = YES;
				CLANG_WARN_DEPRECATED_OBJC_IMPLEMENTATIONS = YES;
				CLANG_WARN_DIRECT_OBJC_ISA_USAGE = YES_ERROR;
				CLANG_WARN_DOCUMENTATION_COMMENTS = YES;
				CLANG_WARN_EMPTY_BODY = YES;
				CLANG_WARN_ENUM_CONVERSION = YES;
				CLANG_WARN_INFINITE_RECURSION = YES;
				CLANG_WARN_INT_CONVERSION = YES;
				CLANG_WARN_NON_LITERAL_NULL_CONVERSION = YES;
				CLANG_WARN_OBJC_IMPLICIT_RETAIN_SELF = YES;
				CLANG_WARN_OBJC_LITERAL_CONVERSION = YES;
				CLANG_WARN_OBJC_ROOT_CLASS = YES_ERROR;
				CLANG_WARN_QUOTED_INCLUDE_IN_FRAMEWORK_HEADER = YES;
				CLANG_WARN_RANGE_LOOP_ANALYSIS = YES;
				CLANG_WARN_STRICT_PROTOTYPES = YES;
				CLANG_WARN_SUSPICIOUS_MOVE = YES;
				CLANG_WARN_UNGUARDED_AVAILABILITY = YES_AGGRESSIVE;
				CLANG_WARN_UNREACHABLE_CODE = YES;
				CLANG_WARN__DUPLICATE_METHOD_MATCH = YES;
				COPY_PHASE_STRIP = NO;
				DEBUG_INFORMATION_FORMAT = "dwarf-with-dsym";
				ENABLE_NS_ASSERTIONS = NO;
				ENABLE_STRICT_OBJC_MSGSEND = YES;
				GCC_C_LANGUAGE_STANDARD = gnu11;
				GCC_NO_COMMON_BLOCKS = YES;
				GCC_WARN_64_TO_32_BIT_CONVERSION = YES;
				GCC_WARN_ABOUT_RETURN_TYPE = YES_ERROR;
				GCC_WARN_UNDECLARED_SELECTOR = YES;
				GCC_WARN_UNINITIALIZED_AUTOS = YES_AGGRESSIVE;
				GCC_WARN_UNUSED_FUNCTION = YES;
				GCC_WARN_UNUSED_VARIABLE = YES;
				IPHONEOS_DEPLOYMENT_TARGET = 15.0;
				MTL_ENABLE_DEBUG_INFO = NO;
				MTL_FAST_MATH = YES;
				SDKROOT = iphoneos;
				SWIFT_COMPILATION_MODE = wholemodule;
				SWIFT_OPTIMIZATION_LEVEL = "-O";
				VALIDATE_PRODUCT = YES;
			};
			name = Release;
		};
		2525C2082A000C08002706F0 /* Debug */ = {
			isa = XCBuildConfiguration;
			buildSettings = {
				ASSETCATALOG_COMPILER_APPICON_NAME = AppIcon;
				ASSETCATALOG_COMPILER_GLOBAL_ACCENT_COLOR_NAME = AccentColor;
				CODE_SIGN_STYLE = Automatic;
				CURRENT_PROJECT_VERSION = 1;
				DEBUG_INFORMATION_FORMAT = "dwarf-with-dsym";
				DEVELOPMENT_TEAM = WZ2D3R22K6;
				GENERATE_INFOPLIST_FILE = YES;
				INFOPLIST_FILE = LeoCalculator/Info.plist;
				INFOPLIST_KEY_UIApplicationSupportsIndirectInputEvents = YES;
				INFOPLIST_KEY_UILaunchStoryboardName = LaunchScreen;
				INFOPLIST_KEY_UISupportedInterfaceOrientations_iPad = "UIInterfaceOrientationPortrait UIInterfaceOrientationPortraitUpsideDown UIInterfaceOrientationLandscapeLeft UIInterfaceOrientationLandscapeRight";
				INFOPLIST_KEY_UISupportedInterfaceOrientations_iPhone = "UIInterfaceOrientationPortrait UIInterfaceOrientationLandscapeLeft UIInterfaceOrientationLandscapeRight";
				IPHONEOS_DEPLOYMENT_TARGET = 15.0;
				LD_RUNPATH_SEARCH_PATHS = (
					"$(inherited)",
					"@executable_path/Frameworks",
				);
				MARKETING_VERSION = 1.0;
				PRODUCT_BUNDLE_IDENTIFIER = com.cankurtur.LeoCalculator;
				PRODUCT_NAME = "$(TARGET_NAME)";
				SWIFT_EMIT_LOC_STRINGS = YES;
				SWIFT_VERSION = 5.0;
				TARGETED_DEVICE_FAMILY = "1,2";
			};
			name = Debug;
		};
		2525C2092A000C08002706F0 /* Release */ = {
			isa = XCBuildConfiguration;
			buildSettings = {
				ASSETCATALOG_COMPILER_APPICON_NAME = AppIcon;
				ASSETCATALOG_COMPILER_GLOBAL_ACCENT_COLOR_NAME = AccentColor;
				CODE_SIGN_STYLE = Automatic;
				CURRENT_PROJECT_VERSION = 1;
				DEVELOPMENT_TEAM = WZ2D3R22K6;
				GENERATE_INFOPLIST_FILE = YES;
				INFOPLIST_FILE = LeoCalculator/Info.plist;
				INFOPLIST_KEY_UIApplicationSupportsIndirectInputEvents = YES;
				INFOPLIST_KEY_UILaunchStoryboardName = LaunchScreen;
				INFOPLIST_KEY_UISupportedInterfaceOrientations_iPad = "UIInterfaceOrientationPortrait UIInterfaceOrientationPortraitUpsideDown UIInterfaceOrientationLandscapeLeft UIInterfaceOrientationLandscapeRight";
				INFOPLIST_KEY_UISupportedInterfaceOrientations_iPhone = "UIInterfaceOrientationPortrait UIInterfaceOrientationLandscapeLeft UIInterfaceOrientationLandscapeRight";
				IPHONEOS_DEPLOYMENT_TARGET = 15.0;
				LD_RUNPATH_SEARCH_PATHS = (
					"$(inherited)",
					"@executable_path/Frameworks",
				);
				MARKETING_VERSION = 1.0;
				PRODUCT_BUNDLE_IDENTIFIER = com.cankurtur.LeoCalculator;
				PRODUCT_NAME = "$(TARGET_NAME)";
				SWIFT_EMIT_LOC_STRINGS = YES;
				SWIFT_VERSION = 5.0;
				TARGETED_DEVICE_FAMILY = "1,2";
			};
			name = Release;
		};
		2525C20B2A000C08002706F0 /* Debug */ = {
			isa = XCBuildConfiguration;
			buildSettings = {
				ALWAYS_EMBED_SWIFT_STANDARD_LIBRARIES = YES;
				BUNDLE_LOADER = "$(TEST_HOST)";
				CODE_SIGN_STYLE = Automatic;
				CURRENT_PROJECT_VERSION = 1;
				DEVELOPMENT_TEAM = WZ2D3R22K6;
				GENERATE_INFOPLIST_FILE = YES;
				IPHONEOS_DEPLOYMENT_TARGET = 16.4;
				MARKETING_VERSION = 1.0;
				PRODUCT_BUNDLE_IDENTIFIER = com.cankurtur.LeoCalculatorTests;
				PRODUCT_NAME = "$(TARGET_NAME)";
				SWIFT_EMIT_LOC_STRINGS = NO;
				SWIFT_VERSION = 5.0;
				TARGETED_DEVICE_FAMILY = "1,2";
				TEST_HOST = "$(BUILT_PRODUCTS_DIR)/LeoCalculator.app/$(BUNDLE_EXECUTABLE_FOLDER_PATH)/LeoCalculator";
			};
			name = Debug;
		};
		2525C20C2A000C08002706F0 /* Release */ = {
			isa = XCBuildConfiguration;
			buildSettings = {
				ALWAYS_EMBED_SWIFT_STANDARD_LIBRARIES = YES;
				BUNDLE_LOADER = "$(TEST_HOST)";
				CODE_SIGN_STYLE = Automatic;
				CURRENT_PROJECT_VERSION = 1;
				DEVELOPMENT_TEAM = WZ2D3R22K6;
				GENERATE_INFOPLIST_FILE = YES;
				IPHONEOS_DEPLOYMENT_TARGET = 16.4;
				MARKETING_VERSION = 1.0;
				PRODUCT_BUNDLE_IDENTIFIER = com.cankurtur.LeoCalculatorTests;
				PRODUCT_NAME = "$(TARGET_NAME)";
				SWIFT_EMIT_LOC_STRINGS = NO;
				SWIFT_VERSION = 5.0;
				TARGETED_DEVICE_FAMILY = "1,2";
				TEST_HOST = "$(BUILT_PRODUCTS_DIR)/LeoCalculator.app/$(BUNDLE_EXECUTABLE_FOLDER_PATH)/LeoCalculator";
			};
			name = Release;
		};
		2525C20E2A000C08002706F0 /* Debug */ = {
			isa = XCBuildConfiguration;
			buildSettings = {
				ALWAYS_EMBED_SWIFT_STANDARD_LIBRARIES = YES;
				CODE_SIGN_STYLE = Automatic;
				CURRENT_PROJECT_VERSION = 1;
				DEVELOPMENT_TEAM = WZ2D3R22K6;
				GENERATE_INFOPLIST_FILE = YES;
				MARKETING_VERSION = 1.0;
				PRODUCT_BUNDLE_IDENTIFIER = com.cankurtur.LeoCalculatorUITests;
				PRODUCT_NAME = "$(TARGET_NAME)";
				SWIFT_EMIT_LOC_STRINGS = NO;
				SWIFT_VERSION = 5.0;
				TARGETED_DEVICE_FAMILY = "1,2";
				TEST_TARGET_NAME = LeoCalculator;
			};
			name = Debug;
		};
		2525C20F2A000C08002706F0 /* Release */ = {
			isa = XCBuildConfiguration;
			buildSettings = {
				ALWAYS_EMBED_SWIFT_STANDARD_LIBRARIES = YES;
				CODE_SIGN_STYLE = Automatic;
				CURRENT_PROJECT_VERSION = 1;
				DEVELOPMENT_TEAM = WZ2D3R22K6;
				GENERATE_INFOPLIST_FILE = YES;
				MARKETING_VERSION = 1.0;
				PRODUCT_BUNDLE_IDENTIFIER = com.cankurtur.LeoCalculatorUITests;
				PRODUCT_NAME = "$(TARGET_NAME)";
				SWIFT_EMIT_LOC_STRINGS = NO;
				SWIFT_VERSION = 5.0;
				TARGETED_DEVICE_FAMILY = "1,2";
				TEST_TARGET_NAME = LeoCalculator;
			};
			name = Release;
		};
/* End XCBuildConfiguration section */

/* Begin XCConfigurationList section */
		2525C1D82A000C07002706F0 /* Build configuration list for PBXProject "LeoCalculator" */ = {
			isa = XCConfigurationList;
			buildConfigurations = (
				2525C2052A000C08002706F0 /* Debug */,
				2525C2062A000C08002706F0 /* Release */,
			);
			defaultConfigurationIsVisible = 0;
			defaultConfigurationName = Release;
		};
		2525C2072A000C08002706F0 /* Build configuration list for PBXNativeTarget "LeoCalculator" */ = {
			isa = XCConfigurationList;
			buildConfigurations = (
				2525C2082A000C08002706F0 /* Debug */,
				2525C2092A000C08002706F0 /* Release */,
			);
			defaultConfigurationIsVisible = 0;
			defaultConfigurationName = Release;
		};
		2525C20A2A000C08002706F0 /* Build configuration list for PBXNativeTarget "LeoCalculatorTests" */ = {
			isa = XCConfigurationList;
			buildConfigurations = (
				2525C20B2A000C08002706F0 /* Debug */,
				2525C20C2A000C08002706F0 /* Release */,
			);
			defaultConfigurationIsVisible = 0;
			defaultConfigurationName = Release;
		};
		2525C20D2A000C08002706F0 /* Build configuration list for PBXNativeTarget "LeoCalculatorUITests" */ = {
			isa = XCConfigurationList;
			buildConfigurations = (
				2525C20E2A000C08002706F0 /* Debug */,
				2525C20F2A000C08002706F0 /* Release */,
			);
			defaultConfigurationIsVisible = 0;
			defaultConfigurationName = Release;
		};
/* End XCConfigurationList section */

/* Begin XCRemoteSwiftPackageReference section */
		25132E3F2A05651E00A8C155 /* XCRemoteSwiftPackageReference "LeoNetworking" */ = {
			isa = XCRemoteSwiftPackageReference;
			repositoryURL = "https://github.com/cankurtur/LeoNetworking.git";
			requirement = {
				kind = upToNextMajorVersion;
				minimumVersion = 1.0.7;
			};
		};
		25132E462A05CCFB00A8C155 /* XCRemoteSwiftPackageReference "SwiftMessages" */ = {
			isa = XCRemoteSwiftPackageReference;
			repositoryURL = "https://github.com/SwiftKickMobile/SwiftMessages.git";
			requirement = {
				kind = upToNextMajorVersion;
				minimumVersion = 9.0.0;
			};
		};
		253E6EEA2A0481E5003714A6 /* XCRemoteSwiftPackageReference "MBProgressHUD" */ = {
			isa = XCRemoteSwiftPackageReference;
			repositoryURL = "https://github.com/jdg/MBProgressHUD.git";
			requirement = {
				kind = upToNextMajorVersion;
				minimumVersion = 1.2.0;
			};
		};
		25D792AA2A0263A9000CC7FA /* XCRemoteSwiftPackageReference "LeoCalculation" */ = {
			isa = XCRemoteSwiftPackageReference;
			repositoryURL = "https://github.com/cankurtur/LeoCalculation.git";
			requirement = {
				kind = upToNextMajorVersion;
				minimumVersion = 1.0.0;
			};
		};
		25D792B32A02EF3A000CC7FA /* XCRemoteSwiftPackageReference "firebase-ios-sdk" */ = {
			isa = XCRemoteSwiftPackageReference;
			repositoryURL = "https://github.com/firebase/firebase-ios-sdk";
			requirement = {
				kind = upToNextMajorVersion;
				minimumVersion = 10.0.0;
			};
		};
/* End XCRemoteSwiftPackageReference section */

/* Begin XCSwiftPackageProductDependency section */
		25132E402A05651E00A8C155 /* LeoNetworking */ = {
			isa = XCSwiftPackageProductDependency;
			package = 25132E3F2A05651E00A8C155 /* XCRemoteSwiftPackageReference "LeoNetworking" */;
			productName = LeoNetworking;
		};
		25132E472A05CCFB00A8C155 /* SwiftMessages */ = {
			isa = XCSwiftPackageProductDependency;
			package = 25132E462A05CCFB00A8C155 /* XCRemoteSwiftPackageReference "SwiftMessages" */;
			productName = SwiftMessages;
		};
		253E6EEB2A0481E5003714A6 /* MBProgressHUD */ = {
			isa = XCSwiftPackageProductDependency;
			package = 253E6EEA2A0481E5003714A6 /* XCRemoteSwiftPackageReference "MBProgressHUD" */;
			productName = MBProgressHUD;
		};
		25D792AB2A0263A9000CC7FA /* LeoCalculation */ = {
			isa = XCSwiftPackageProductDependency;
			package = 25D792AA2A0263A9000CC7FA /* XCRemoteSwiftPackageReference "LeoCalculation" */;
			productName = LeoCalculation;
		};
		25D792B42A02EF3A000CC7FA /* FirebaseAnalytics */ = {
			isa = XCSwiftPackageProductDependency;
			package = 25D792B32A02EF3A000CC7FA /* XCRemoteSwiftPackageReference "firebase-ios-sdk" */;
			productName = FirebaseAnalytics;
		};
		25D792B62A02EF3A000CC7FA /* FirebaseAnalyticsOnDeviceConversion */ = {
			isa = XCSwiftPackageProductDependency;
			package = 25D792B32A02EF3A000CC7FA /* XCRemoteSwiftPackageReference "firebase-ios-sdk" */;
			productName = FirebaseAnalyticsOnDeviceConversion;
		};
		25D792B82A02EF3A000CC7FA /* FirebaseAnalyticsSwift */ = {
			isa = XCSwiftPackageProductDependency;
			package = 25D792B32A02EF3A000CC7FA /* XCRemoteSwiftPackageReference "firebase-ios-sdk" */;
			productName = FirebaseAnalyticsSwift;
		};
		25D792BA2A02EF3A000CC7FA /* FirebaseAnalyticsWithoutAdIdSupport */ = {
			isa = XCSwiftPackageProductDependency;
			package = 25D792B32A02EF3A000CC7FA /* XCRemoteSwiftPackageReference "firebase-ios-sdk" */;
			productName = FirebaseAnalyticsWithoutAdIdSupport;
		};
		25D792BC2A02EF3A000CC7FA /* FirebaseCrashlytics */ = {
			isa = XCSwiftPackageProductDependency;
			package = 25D792B32A02EF3A000CC7FA /* XCRemoteSwiftPackageReference "firebase-ios-sdk" */;
			productName = FirebaseCrashlytics;
		};
		25D792BE2A02EF3A000CC7FA /* FirebaseRemoteConfig */ = {
			isa = XCSwiftPackageProductDependency;
			package = 25D792B32A02EF3A000CC7FA /* XCRemoteSwiftPackageReference "firebase-ios-sdk" */;
			productName = FirebaseRemoteConfig;
		};
		25D792C02A02EF3A000CC7FA /* FirebaseRemoteConfigSwift */ = {
			isa = XCSwiftPackageProductDependency;
			package = 25D792B32A02EF3A000CC7FA /* XCRemoteSwiftPackageReference "firebase-ios-sdk" */;
			productName = FirebaseRemoteConfigSwift;
		};
/* End XCSwiftPackageProductDependency section */
	};
	rootObject = 2525C1D52A000C07002706F0 /* Project object */;
}
