// !$*UTF8*$!
{
	archiveVersion = 1;
	classes = {
	};
	objectVersion = 56;
	objects = {

/* Begin PBXBuildFile section */
		2525C1E12A000C07002706F0 /* AppDelegate.swift in Sources */ = {isa = PBXBuildFile; fileRef = 2525C1E02A000C07002706F0 /* AppDelegate.swift */; };
		2525C1E32A000C07002706F0 /* SceneDelegate.swift in Sources */ = {isa = PBXBuildFile; fileRef = 2525C1E22A000C07002706F0 /* SceneDelegate.swift */; };
		2525C1EA2A000C08002706F0 /* Assets.xcassets in Resources */ = {isa = PBXBuildFile; fileRef = 2525C1E92A000C08002706F0 /* Assets.xcassets */; };
		2525C1ED2A000C08002706F0 /* LaunchScreen.storyboard in Resources */ = {isa = PBXBuildFile; fileRef = 2525C1EB2A000C08002706F0 /* LaunchScreen.storyboard */; };
		2525C1F82A000C08002706F0 /* LeoCalculatorTests.swift in Sources */ = {isa = PBXBuildFile; fileRef = 2525C1F72A000C08002706F0 /* LeoCalculatorTests.swift */; };
		2525C2022A000C08002706F0 /* LeoCalculatorUITests.swift in Sources */ = {isa = PBXBuildFile; fileRef = 2525C2012A000C08002706F0 /* LeoCalculatorUITests.swift */; };
		2525C2042A000C08002706F0 /* LeoCalculatorUITestsLaunchTests.swift in Sources */ = {isa = PBXBuildFile; fileRef = 2525C2032A000C08002706F0 /* LeoCalculatorUITestsLaunchTests.swift */; };
		2525C2152A000E70002706F0 /* BaseViewController.swift in Sources */ = {isa = PBXBuildFile; fileRef = 2525C2142A000E70002706F0 /* BaseViewController.swift */; };
		2525C2182A000E92002706F0 /* NSObjectExtension.swift in Sources */ = {isa = PBXBuildFile; fileRef = 2525C2172A000E92002706F0 /* NSObjectExtension.swift */; };
		2525C21A2A000F03002706F0 /* ViewInterface.swift in Sources */ = {isa = PBXBuildFile; fileRef = 2525C2192A000F03002706F0 /* ViewInterface.swift */; };
		2525C21C2A000F2D002706F0 /* PresenterInterface.swift in Sources */ = {isa = PBXBuildFile; fileRef = 2525C21B2A000F2D002706F0 /* PresenterInterface.swift */; };
		2525C21E2A000F3B002706F0 /* InteractorInterface.swift in Sources */ = {isa = PBXBuildFile; fileRef = 2525C21D2A000F3B002706F0 /* InteractorInterface.swift */; };
		2525C2202A000F46002706F0 /* RouterInterface.swift in Sources */ = {isa = PBXBuildFile; fileRef = 2525C21F2A000F46002706F0 /* RouterInterface.swift */; };
		2525C2232A0014BE002706F0 /* HomeViewController.swift in Sources */ = {isa = PBXBuildFile; fileRef = 2525C2222A0014BE002706F0 /* HomeViewController.swift */; };
		2525C2252A0014C4002706F0 /* HomePresenter.swift in Sources */ = {isa = PBXBuildFile; fileRef = 2525C2242A0014C4002706F0 /* HomePresenter.swift */; };
		2525C2272A0014CF002706F0 /* HomeInteractor.swift in Sources */ = {isa = PBXBuildFile; fileRef = 2525C2262A0014CF002706F0 /* HomeInteractor.swift */; };
		2525C2292A0014D5002706F0 /* HomeRouter.swift in Sources */ = {isa = PBXBuildFile; fileRef = 2525C2282A0014D5002706F0 /* HomeRouter.swift */; };
		2525C22C2A002440002706F0 /* Home.storyboard in Resources */ = {isa = PBXBuildFile; fileRef = 2525C22B2A002440002706F0 /* Home.storyboard */; };
		2525C22E2A0024F0002706F0 /* Storyboarded.swift in Sources */ = {isa = PBXBuildFile; fileRef = 2525C22D2A0024F0002706F0 /* Storyboarded.swift */; };
		2525C2302A002504002706F0 /* StoryboardNames.swift in Sources */ = {isa = PBXBuildFile; fileRef = 2525C22F2A002504002706F0 /* StoryboardNames.swift */; };
		2525C2322A003576002706F0 /* UIFontExtension.swift in Sources */ = {isa = PBXBuildFile; fileRef = 2525C2312A003576002706F0 /* UIFontExtension.swift */; };
/* End PBXBuildFile section */

/* Begin PBXContainerItemProxy section */
		2525C1F42A000C08002706F0 /* PBXContainerItemProxy */ = {
			isa = PBXContainerItemProxy;
			containerPortal = 2525C1D52A000C07002706F0 /* Project object */;
			proxyType = 1;
			remoteGlobalIDString = 2525C1DC2A000C07002706F0;
			remoteInfo = LeoCalculator;
		};
		2525C1FE2A000C08002706F0 /* PBXContainerItemProxy */ = {
			isa = PBXContainerItemProxy;
			containerPortal = 2525C1D52A000C07002706F0 /* Project object */;
			proxyType = 1;
			remoteGlobalIDString = 2525C1DC2A000C07002706F0;
			remoteInfo = LeoCalculator;
		};
/* End PBXContainerItemProxy section */

/* Begin PBXFileReference section */
		2525C1DD2A000C07002706F0 /* LeoCalculator.app */ = {isa = PBXFileReference; explicitFileType = wrapper.application; includeInIndex = 0; path = LeoCalculator.app; sourceTree = BUILT_PRODUCTS_DIR; };
		2525C1E02A000C07002706F0 /* AppDelegate.swift */ = {isa = PBXFileReference; lastKnownFileType = sourcecode.swift; path = AppDelegate.swift; sourceTree = "<group>"; };
		2525C1E22A000C07002706F0 /* SceneDelegate.swift */ = {isa = PBXFileReference; lastKnownFileType = sourcecode.swift; path = SceneDelegate.swift; sourceTree = "<group>"; };
		2525C1E92A000C08002706F0 /* Assets.xcassets */ = {isa = PBXFileReference; lastKnownFileType = folder.assetcatalog; path = Assets.xcassets; sourceTree = "<group>"; };
		2525C1EC2A000C08002706F0 /* Base */ = {isa = PBXFileReference; lastKnownFileType = file.storyboard; name = Base; path = Base.lproj/LaunchScreen.storyboard; sourceTree = "<group>"; };
		2525C1EE2A000C08002706F0 /* Info.plist */ = {isa = PBXFileReference; lastKnownFileType = text.plist.xml; path = Info.plist; sourceTree = "<group>"; };
		2525C1F32A000C08002706F0 /* LeoCalculatorTests.xctest */ = {isa = PBXFileReference; explicitFileType = wrapper.cfbundle; includeInIndex = 0; path = LeoCalculatorTests.xctest; sourceTree = BUILT_PRODUCTS_DIR; };
		2525C1F72A000C08002706F0 /* LeoCalculatorTests.swift */ = {isa = PBXFileReference; lastKnownFileType = sourcecode.swift; path = LeoCalculatorTests.swift; sourceTree = "<group>"; };
		2525C1FD2A000C08002706F0 /* LeoCalculatorUITests.xctest */ = {isa = PBXFileReference; explicitFileType = wrapper.cfbundle; includeInIndex = 0; path = LeoCalculatorUITests.xctest; sourceTree = BUILT_PRODUCTS_DIR; };
		2525C2012A000C08002706F0 /* LeoCalculatorUITests.swift */ = {isa = PBXFileReference; lastKnownFileType = sourcecode.swift; path = LeoCalculatorUITests.swift; sourceTree = "<group>"; };
		2525C2032A000C08002706F0 /* LeoCalculatorUITestsLaunchTests.swift */ = {isa = PBXFileReference; lastKnownFileType = sourcecode.swift; path = LeoCalculatorUITestsLaunchTests.swift; sourceTree = "<group>"; };
		2525C2142A000E70002706F0 /* BaseViewController.swift */ = {isa = PBXFileReference; lastKnownFileType = sourcecode.swift; path = BaseViewController.swift; sourceTree = "<group>"; };
		2525C2172A000E92002706F0 /* NSObjectExtension.swift */ = {isa = PBXFileReference; lastKnownFileType = sourcecode.swift; path = NSObjectExtension.swift; sourceTree = "<group>"; };
		2525C2192A000F03002706F0 /* ViewInterface.swift */ = {isa = PBXFileReference; lastKnownFileType = sourcecode.swift; path = ViewInterface.swift; sourceTree = "<group>"; };
		2525C21B2A000F2D002706F0 /* PresenterInterface.swift */ = {isa = PBXFileReference; lastKnownFileType = sourcecode.swift; path = PresenterInterface.swift; sourceTree = "<group>"; };
		2525C21D2A000F3B002706F0 /* InteractorInterface.swift */ = {isa = PBXFileReference; lastKnownFileType = sourcecode.swift; path = InteractorInterface.swift; sourceTree = "<group>"; };
		2525C21F2A000F46002706F0 /* RouterInterface.swift */ = {isa = PBXFileReference; lastKnownFileType = sourcecode.swift; path = RouterInterface.swift; sourceTree = "<group>"; };
		2525C2222A0014BE002706F0 /* HomeViewController.swift */ = {isa = PBXFileReference; lastKnownFileType = sourcecode.swift; path = HomeViewController.swift; sourceTree = "<group>"; };
		2525C2242A0014C4002706F0 /* HomePresenter.swift */ = {isa = PBXFileReference; lastKnownFileType = sourcecode.swift; path = HomePresenter.swift; sourceTree = "<group>"; };
		2525C2262A0014CF002706F0 /* HomeInteractor.swift */ = {isa = PBXFileReference; lastKnownFileType = sourcecode.swift; path = HomeInteractor.swift; sourceTree = "<group>"; };
		2525C2282A0014D5002706F0 /* HomeRouter.swift */ = {isa = PBXFileReference; lastKnownFileType = sourcecode.swift; path = HomeRouter.swift; sourceTree = "<group>"; };
		2525C22B2A002440002706F0 /* Home.storyboard */ = {isa = PBXFileReference; lastKnownFileType = file.storyboard; path = Home.storyboard; sourceTree = "<group>"; };
		2525C22D2A0024F0002706F0 /* Storyboarded.swift */ = {isa = PBXFileReference; lastKnownFileType = sourcecode.swift; path = Storyboarded.swift; sourceTree = "<group>"; };
		2525C22F2A002504002706F0 /* StoryboardNames.swift */ = {isa = PBXFileReference; lastKnownFileType = sourcecode.swift; path = StoryboardNames.swift; sourceTree = "<group>"; };
		2525C2312A003576002706F0 /* UIFontExtension.swift */ = {isa = PBXFileReference; lastKnownFileType = sourcecode.swift; path = UIFontExtension.swift; sourceTree = "<group>"; };
/* End PBXFileReference section */

/* Begin PBXFrameworksBuildPhase section */
		2525C1DA2A000C07002706F0 /* Frameworks */ = {
			isa = PBXFrameworksBuildPhase;
			buildActionMask = 2147483647;
			files = (
			);
			runOnlyForDeploymentPostprocessing = 0;
		};
		2525C1F02A000C08002706F0 /* Frameworks */ = {
			isa = PBXFrameworksBuildPhase;
			buildActionMask = 2147483647;
			files = (
			);
			runOnlyForDeploymentPostprocessing = 0;
		};
		2525C1FA2A000C08002706F0 /* Frameworks */ = {
			isa = PBXFrameworksBuildPhase;
			buildActionMask = 2147483647;
			files = (
			);
			runOnlyForDeploymentPostprocessing = 0;
		};
/* End PBXFrameworksBuildPhase section */

/* Begin PBXGroup section */
		2525C1D42A000C07002706F0 = {
			isa = PBXGroup;
			children = (
				2525C1DF2A000C07002706F0 /* LeoCalculator */,
				2525C1F62A000C08002706F0 /* LeoCalculatorTests */,
				2525C2002A000C08002706F0 /* LeoCalculatorUITests */,
				2525C1DE2A000C07002706F0 /* Products */,
			);
			sourceTree = "<group>";
		};
		2525C1DE2A000C07002706F0 /* Products */ = {
			isa = PBXGroup;
			children = (
				2525C1DD2A000C07002706F0 /* LeoCalculator.app */,
				2525C1F32A000C08002706F0 /* LeoCalculatorTests.xctest */,
				2525C1FD2A000C08002706F0 /* LeoCalculatorUITests.xctest */,
			);
			name = Products;
			sourceTree = "<group>";
		};
		2525C1DF2A000C07002706F0 /* LeoCalculator */ = {
			isa = PBXGroup;
			children = (
				2525C2102A000D7A002706F0 /* App */,
				2525C2112A000D82002706F0 /* Module */,
				2525C2162A000E84002706F0 /* Extensions */,
				2525C2122A000D8B002706F0 /* Resources */,
				2525C22A2A002433002706F0 /* Storyboards */,
				2525C1EE2A000C08002706F0 /* Info.plist */,
			);
			path = LeoCalculator;
			sourceTree = "<group>";
		};
		2525C1F62A000C08002706F0 /* LeoCalculatorTests */ = {
			isa = PBXGroup;
			children = (
				2525C1F72A000C08002706F0 /* LeoCalculatorTests.swift */,
			);
			path = LeoCalculatorTests;
			sourceTree = "<group>";
		};
		2525C2002A000C08002706F0 /* LeoCalculatorUITests */ = {
			isa = PBXGroup;
			children = (
				2525C2012A000C08002706F0 /* LeoCalculatorUITests.swift */,
				2525C2032A000C08002706F0 /* LeoCalculatorUITestsLaunchTests.swift */,
			);
			path = LeoCalculatorUITests;
			sourceTree = "<group>";
		};
		2525C2102A000D7A002706F0 /* App */ = {
			isa = PBXGroup;
			children = (
				2525C1E02A000C07002706F0 /* AppDelegate.swift */,
				2525C1E22A000C07002706F0 /* SceneDelegate.swift */,
			);
			path = App;
			sourceTree = "<group>";
		};
		2525C2112A000D82002706F0 /* Module */ = {
			isa = PBXGroup;
			children = (
				2525C2132A000E60002706F0 /* Base */,
				2525C2212A0014B2002706F0 /* Home */,
			);
			path = Module;
			sourceTree = "<group>";
		};
		2525C2122A000D8B002706F0 /* Resources */ = {
			isa = PBXGroup;
			children = (
				2525C1E92A000C08002706F0 /* Assets.xcassets */,
				2525C1EB2A000C08002706F0 /* LaunchScreen.storyboard */,
			);
			path = Resources;
			sourceTree = "<group>";
		};
		2525C2132A000E60002706F0 /* Base */ = {
			isa = PBXGroup;
			children = (
				2525C2142A000E70002706F0 /* BaseViewController.swift */,
				2525C2192A000F03002706F0 /* ViewInterface.swift */,
				2525C21B2A000F2D002706F0 /* PresenterInterface.swift */,
				2525C21D2A000F3B002706F0 /* InteractorInterface.swift */,
				2525C21F2A000F46002706F0 /* RouterInterface.swift */,
			);
			path = Base;
			sourceTree = "<group>";
		};
		2525C2162A000E84002706F0 /* Extensions */ = {
			isa = PBXGroup;
			children = (
				2525C2172A000E92002706F0 /* NSObjectExtension.swift */,
				2525C2312A003576002706F0 /* UIFontExtension.swift */,
			);
			path = Extensions;
			sourceTree = "<group>";
		};
		2525C2212A0014B2002706F0 /* Home */ = {
			isa = PBXGroup;
			children = (
				2525C2222A0014BE002706F0 /* HomeViewController.swift */,
				2525C2242A0014C4002706F0 /* HomePresenter.swift */,
				2525C2262A0014CF002706F0 /* HomeInteractor.swift */,
				2525C2282A0014D5002706F0 /* HomeRouter.swift */,
			);
			path = Home;
			sourceTree = "<group>";
		};
		2525C22A2A002433002706F0 /* Storyboards */ = {
			isa = PBXGroup;
			children = (
				2525C22D2A0024F0002706F0 /* Storyboarded.swift */,
				2525C22F2A002504002706F0 /* StoryboardNames.swift */,
				2525C22B2A002440002706F0 /* Home.storyboard */,
			);
			path = Storyboards;
			sourceTree = "<group>";
		};
/* End PBXGroup section */

/* Begin PBXNativeTarget section */
		2525C1DC2A000C07002706F0 /* LeoCalculator */ = {
			isa = PBXNativeTarget;
			buildConfigurationList = 2525C2072A000C08002706F0 /* Build configuration list for PBXNativeTarget "LeoCalculator" */;
			buildPhases = (
				2525C1D92A000C07002706F0 /* Sources */,
				2525C1DA2A000C07002706F0 /* Frameworks */,
				2525C1DB2A000C07002706F0 /* Resources */,
			);
			buildRules = (
			);
			dependencies = (
			);
			name = LeoCalculator;
			productName = LeoCalculator;
			productReference = 2525C1DD2A000C07002706F0 /* LeoCalculator.app */;
			productType = "com.apple.product-type.application";
		};
		2525C1F22A000C08002706F0 /* LeoCalculatorTests */ = {
			isa = PBXNativeTarget;
			buildConfigurationList = 2525C20A2A000C08002706F0 /* Build configuration list for PBXNativeTarget "LeoCalculatorTests" */;
			buildPhases = (
				2525C1EF2A000C08002706F0 /* Sources */,
				2525C1F02A000C08002706F0 /* Frameworks */,
				2525C1F12A000C08002706F0 /* Resources */,
			);
			buildRules = (
			);
			dependencies = (
				2525C1F52A000C08002706F0 /* PBXTargetDependency */,
			);
			name = LeoCalculatorTests;
			productName = LeoCalculatorTests;
			productReference = 2525C1F32A000C08002706F0 /* LeoCalculatorTests.xctest */;
			productType = "com.apple.product-type.bundle.unit-test";
		};
		2525C1FC2A000C08002706F0 /* LeoCalculatorUITests */ = {
			isa = PBXNativeTarget;
			buildConfigurationList = 2525C20D2A000C08002706F0 /* Build configuration list for PBXNativeTarget "LeoCalculatorUITests" */;
			buildPhases = (
				2525C1F92A000C08002706F0 /* Sources */,
				2525C1FA2A000C08002706F0 /* Frameworks */,
				2525C1FB2A000C08002706F0 /* Resources */,
			);
			buildRules = (
			);
			dependencies = (
				2525C1FF2A000C08002706F0 /* PBXTargetDependency */,
			);
			name = LeoCalculatorUITests;
			productName = LeoCalculatorUITests;
			productReference = 2525C1FD2A000C08002706F0 /* LeoCalculatorUITests.xctest */;
			productType = "com.apple.product-type.bundle.ui-testing";
		};
/* End PBXNativeTarget section */

/* Begin PBXProject section */
		2525C1D52A000C07002706F0 /* Project object */ = {
			isa = PBXProject;
			attributes = {
				BuildIndependentTargetsInParallel = 1;
				LastSwiftUpdateCheck = 1430;
				LastUpgradeCheck = 1430;
				TargetAttributes = {
					2525C1DC2A000C07002706F0 = {
						CreatedOnToolsVersion = 14.3;
					};
					2525C1F22A000C08002706F0 = {
						CreatedOnToolsVersion = 14.3;
						TestTargetID = 2525C1DC2A000C07002706F0;
					};
					2525C1FC2A000C08002706F0 = {
						CreatedOnToolsVersion = 14.3;
						TestTargetID = 2525C1DC2A000C07002706F0;
					};
				};
			};
			buildConfigurationList = 2525C1D82A000C07002706F0 /* Build configuration list for PBXProject "LeoCalculator" */;
			compatibilityVersion = "Xcode 14.0";
			developmentRegion = en;
			hasScannedForEncodings = 0;
			knownRegions = (
				en,
				Base,
			);
			mainGroup = 2525C1D42A000C07002706F0;
			productRefGroup = 2525C1DE2A000C07002706F0 /* Products */;
			projectDirPath = "";
			projectRoot = "";
			targets = (
				2525C1DC2A000C07002706F0 /* LeoCalculator */,
				2525C1F22A000C08002706F0 /* LeoCalculatorTests */,
				2525C1FC2A000C08002706F0 /* LeoCalculatorUITests */,
			);
		};
/* End PBXProject section */

/* Begin PBXResourcesBuildPhase section */
		2525C1DB2A000C07002706F0 /* Resources */ = {
			isa = PBXResourcesBuildPhase;
			buildActionMask = 2147483647;
			files = (
				2525C22C2A002440002706F0 /* Home.storyboard in Resources */,
				2525C1ED2A000C08002706F0 /* LaunchScreen.storyboard in Resources */,
				2525C1EA2A000C08002706F0 /* Assets.xcassets in Resources */,
			);
			runOnlyForDeploymentPostprocessing = 0;
		};
		2525C1F12A000C08002706F0 /* Resources */ = {
			isa = PBXResourcesBuildPhase;
			buildActionMask = 2147483647;
			files = (
			);
			runOnlyForDeploymentPostprocessing = 0;
		};
		2525C1FB2A000C08002706F0 /* Resources */ = {
			isa = PBXResourcesBuildPhase;
			buildActionMask = 2147483647;
			files = (
			);
			runOnlyForDeploymentPostprocessing = 0;
		};
/* End PBXResourcesBuildPhase section */

/* Begin PBXSourcesBuildPhase section */
		2525C1D92A000C07002706F0 /* Sources */ = {
			isa = PBXSourcesBuildPhase;
			buildActionMask = 2147483647;
			files = (
				2525C21E2A000F3B002706F0 /* InteractorInterface.swift in Sources */,
				2525C2322A003576002706F0 /* UIFontExtension.swift in Sources */,
				2525C2182A000E92002706F0 /* NSObjectExtension.swift in Sources */,
				2525C2272A0014CF002706F0 /* HomeInteractor.swift in Sources */,
				2525C2152A000E70002706F0 /* BaseViewController.swift in Sources */,
				2525C1E12A000C07002706F0 /* AppDelegate.swift in Sources */,
				2525C22E2A0024F0002706F0 /* Storyboarded.swift in Sources */,
				2525C2292A0014D5002706F0 /* HomeRouter.swift in Sources */,
				2525C2232A0014BE002706F0 /* HomeViewController.swift in Sources */,
				2525C21A2A000F03002706F0 /* ViewInterface.swift in Sources */,
				2525C1E32A000C07002706F0 /* SceneDelegate.swift in Sources */,
				2525C2202A000F46002706F0 /* RouterInterface.swift in Sources */,
				2525C2302A002504002706F0 /* StoryboardNames.swift in Sources */,
				2525C21C2A000F2D002706F0 /* PresenterInterface.swift in Sources */,
				2525C2252A0014C4002706F0 /* HomePresenter.swift in Sources */,
			);
			runOnlyForDeploymentPostprocessing = 0;
		};
		2525C1EF2A000C08002706F0 /* Sources */ = {
			isa = PBXSourcesBuildPhase;
			buildActionMask = 2147483647;
			files = (
				2525C1F82A000C08002706F0 /* LeoCalculatorTests.swift in Sources */,
			);
			runOnlyForDeploymentPostprocessing = 0;
		};
		2525C1F92A000C08002706F0 /* Sources */ = {
			isa = PBXSourcesBuildPhase;
			buildActionMask = 2147483647;
			files = (
				2525C2022A000C08002706F0 /* LeoCalculatorUITests.swift in Sources */,
				2525C2042A000C08002706F0 /* LeoCalculatorUITestsLaunchTests.swift in Sources */,
			);
			runOnlyForDeploymentPostprocessing = 0;
		};
/* End PBXSourcesBuildPhase section */

/* Begin PBXTargetDependency section */
		2525C1F52A000C08002706F0 /* PBXTargetDependency */ = {
			isa = PBXTargetDependency;
			target = 2525C1DC2A000C07002706F0 /* LeoCalculator */;
			targetProxy = 2525C1F42A000C08002706F0 /* PBXContainerItemProxy */;
		};
		2525C1FF2A000C08002706F0 /* PBXTargetDependency */ = {
			isa = PBXTargetDependency;
			target = 2525C1DC2A000C07002706F0 /* LeoCalculator */;
			targetProxy = 2525C1FE2A000C08002706F0 /* PBXContainerItemProxy */;
		};
/* End PBXTargetDependency section */

/* Begin PBXVariantGroup section */
		2525C1EB2A000C08002706F0 /* LaunchScreen.storyboard */ = {
			isa = PBXVariantGroup;
			children = (
				2525C1EC2A000C08002706F0 /* Base */,
			);
			name = LaunchScreen.storyboard;
			sourceTree = "<group>";
		};
/* End PBXVariantGroup section */

/* Begin XCBuildConfiguration section */
		2525C2052A000C08002706F0 /* Debug */ = {
			isa = XCBuildConfiguration;
			buildSettings = {
				ALWAYS_SEARCH_USER_PATHS = NO;
				CLANG_ANALYZER_NONNULL = YES;
				CLANG_ANALYZER_NUMBER_OBJECT_CONVERSION = YES_AGGRESSIVE;
				CLANG_CXX_LANGUAGE_STANDARD = "gnu++20";
				CLANG_ENABLE_MODULES = YES;
				CLANG_ENABLE_OBJC_ARC = YES;
				CLANG_ENABLE_OBJC_WEAK = YES;
				CLANG_WARN_BLOCK_CAPTURE_AUTORELEASING = YES;
				CLANG_WARN_BOOL_CONVERSION = YES;
				CLANG_WARN_COMMA = YES;
				CLANG_WARN_CONSTANT_CONVERSION = YES;
				CLANG_WARN_DEPRECATED_OBJC_IMPLEMENTATIONS = YES;
				CLANG_WARN_DIRECT_OBJC_ISA_USAGE = YES_ERROR;
				CLANG_WARN_DOCUMENTATION_COMMENTS = YES;
				CLANG_WARN_EMPTY_BODY = YES;
				CLANG_WARN_ENUM_CONVERSION = YES;
				CLANG_WARN_INFINITE_RECURSION = YES;
				CLANG_WARN_INT_CONVERSION = YES;
				CLANG_WARN_NON_LITERAL_NULL_CONVERSION = YES;
				CLANG_WARN_OBJC_IMPLICIT_RETAIN_SELF = YES;
				CLANG_WARN_OBJC_LITERAL_CONVERSION = YES;
				CLANG_WARN_OBJC_ROOT_CLASS = YES_ERROR;
				CLANG_WARN_QUOTED_INCLUDE_IN_FRAMEWORK_HEADER = YES;
				CLANG_WARN_RANGE_LOOP_ANALYSIS = YES;
				CLANG_WARN_STRICT_PROTOTYPES = YES;
				CLANG_WARN_SUSPICIOUS_MOVE = YES;
				CLANG_WARN_UNGUARDED_AVAILABILITY = YES_AGGRESSIVE;
				CLANG_WARN_UNREACHABLE_CODE = YES;
				CLANG_WARN__DUPLICATE_METHOD_MATCH = YES;
				COPY_PHASE_STRIP = NO;
				DEBUG_INFORMATION_FORMAT = dwarf;
				ENABLE_STRICT_OBJC_MSGSEND = YES;
				ENABLE_TESTABILITY = YES;
				GCC_C_LANGUAGE_STANDARD = gnu11;
				GCC_DYNAMIC_NO_PIC = NO;
				GCC_NO_COMMON_BLOCKS = YES;
				GCC_OPTIMIZATION_LEVEL = 0;
				GCC_PREPROCESSOR_DEFINITIONS = (
					"DEBUG=1",
					"$(inherited)",
				);
				GCC_WARN_64_TO_32_BIT_CONVERSION = YES;
				GCC_WARN_ABOUT_RETURN_TYPE = YES_ERROR;
				GCC_WARN_UNDECLARED_SELECTOR = YES;
				GCC_WARN_UNINITIALIZED_AUTOS = YES_AGGRESSIVE;
				GCC_WARN_UNUSED_FUNCTION = YES;
				GCC_WARN_UNUSED_VARIABLE = YES;
				IPHONEOS_DEPLOYMENT_TARGET = 16.4;
				MTL_ENABLE_DEBUG_INFO = INCLUDE_SOURCE;
				MTL_FAST_MATH = YES;
				ONLY_ACTIVE_ARCH = YES;
				SDKROOT = iphoneos;
				SWIFT_ACTIVE_COMPILATION_CONDITIONS = DEBUG;
				SWIFT_OPTIMIZATION_LEVEL = "-Onone";
			};
			name = Debug;
		};
		2525C2062A000C08002706F0 /* Release */ = {
			isa = XCBuildConfiguration;
			buildSettings = {
				ALWAYS_SEARCH_USER_PATHS = NO;
				CLANG_ANALYZER_NONNULL = YES;
				CLANG_ANALYZER_NUMBER_OBJECT_CONVERSION = YES_AGGRESSIVE;
				CLANG_CXX_LANGUAGE_STANDARD = "gnu++20";
				CLANG_ENABLE_MODULES = YES;
				CLANG_ENABLE_OBJC_ARC = YES;
				CLANG_ENABLE_OBJC_WEAK = YES;
				CLANG_WARN_BLOCK_CAPTURE_AUTORELEASING = YES;
				CLANG_WARN_BOOL_CONVERSION = YES;
				CLANG_WARN_COMMA = YES;
				CLANG_WARN_CONSTANT_CONVERSION = YES;
				CLANG_WARN_DEPRECATED_OBJC_IMPLEMENTATIONS = YES;
				CLANG_WARN_DIRECT_OBJC_ISA_USAGE = YES_ERROR;
				CLANG_WARN_DOCUMENTATION_COMMENTS = YES;
				CLANG_WARN_EMPTY_BODY = YES;
				CLANG_WARN_ENUM_CONVERSION = YES;
				CLANG_WARN_INFINITE_RECURSION = YES;
				CLANG_WARN_INT_CONVERSION = YES;
				CLANG_WARN_NON_LITERAL_NULL_CONVERSION = YES;
				CLANG_WARN_OBJC_IMPLICIT_RETAIN_SELF = YES;
				CLANG_WARN_OBJC_LITERAL_CONVERSION = YES;
				CLANG_WARN_OBJC_ROOT_CLASS = YES_ERROR;
				CLANG_WARN_QUOTED_INCLUDE_IN_FRAMEWORK_HEADER = YES;
				CLANG_WARN_RANGE_LOOP_ANALYSIS = YES;
				CLANG_WARN_STRICT_PROTOTYPES = YES;
				CLANG_WARN_SUSPICIOUS_MOVE = YES;
				CLANG_WARN_UNGUARDED_AVAILABILITY = YES_AGGRESSIVE;
				CLANG_WARN_UNREACHABLE_CODE = YES;
				CLANG_WARN__DUPLICATE_METHOD_MATCH = YES;
				COPY_PHASE_STRIP = NO;
				DEBUG_INFORMATION_FORMAT = "dwarf-with-dsym";
				ENABLE_NS_ASSERTIONS = NO;
				ENABLE_STRICT_OBJC_MSGSEND = YES;
				GCC_C_LANGUAGE_STANDARD = gnu11;
				GCC_NO_COMMON_BLOCKS = YES;
				GCC_WARN_64_TO_32_BIT_CONVERSION = YES;
				GCC_WARN_ABOUT_RETURN_TYPE = YES_ERROR;
				GCC_WARN_UNDECLARED_SELECTOR = YES;
				GCC_WARN_UNINITIALIZED_AUTOS = YES_AGGRESSIVE;
				GCC_WARN_UNUSED_FUNCTION = YES;
				GCC_WARN_UNUSED_VARIABLE = YES;
				IPHONEOS_DEPLOYMENT_TARGET = 16.4;
				MTL_ENABLE_DEBUG_INFO = NO;
				MTL_FAST_MATH = YES;
				SDKROOT = iphoneos;
				SWIFT_COMPILATION_MODE = wholemodule;
				SWIFT_OPTIMIZATION_LEVEL = "-O";
				VALIDATE_PRODUCT = YES;
			};
			name = Release;
		};
		2525C2082A000C08002706F0 /* Debug */ = {
			isa = XCBuildConfiguration;
			buildSettings = {
				ASSETCATALOG_COMPILER_APPICON_NAME = AppIcon;
				ASSETCATALOG_COMPILER_GLOBAL_ACCENT_COLOR_NAME = AccentColor;
				CODE_SIGN_STYLE = Automatic;
				CURRENT_PROJECT_VERSION = 1;
				DEVELOPMENT_TEAM = WZ2D3R22K6;
				GENERATE_INFOPLIST_FILE = YES;
				INFOPLIST_FILE = LeoCalculator/Info.plist;
				INFOPLIST_KEY_UIApplicationSupportsIndirectInputEvents = YES;
				INFOPLIST_KEY_UILaunchStoryboardName = LaunchScreen;
				INFOPLIST_KEY_UISupportedInterfaceOrientations_iPad = "UIInterfaceOrientationPortrait UIInterfaceOrientationPortraitUpsideDown UIInterfaceOrientationLandscapeLeft UIInterfaceOrientationLandscapeRight";
				INFOPLIST_KEY_UISupportedInterfaceOrientations_iPhone = "UIInterfaceOrientationPortrait UIInterfaceOrientationLandscapeLeft UIInterfaceOrientationLandscapeRight";
				LD_RUNPATH_SEARCH_PATHS = (
					"$(inherited)",
					"@executable_path/Frameworks",
				);
				MARKETING_VERSION = 1.0;
				PRODUCT_BUNDLE_IDENTIFIER = com.cankurtur.LeoCalculator;
				PRODUCT_NAME = "$(TARGET_NAME)";
				SWIFT_EMIT_LOC_STRINGS = YES;
				SWIFT_VERSION = 5.0;
				TARGETED_DEVICE_FAMILY = "1,2";
			};
			name = Debug;
		};
		2525C2092A000C08002706F0 /* Release */ = {
			isa = XCBuildConfiguration;
			buildSettings = {
				ASSETCATALOG_COMPILER_APPICON_NAME = AppIcon;
				ASSETCATALOG_COMPILER_GLOBAL_ACCENT_COLOR_NAME = AccentColor;
				CODE_SIGN_STYLE = Automatic;
				CURRENT_PROJECT_VERSION = 1;
				DEVELOPMENT_TEAM = WZ2D3R22K6;
				GENERATE_INFOPLIST_FILE = YES;
				INFOPLIST_FILE = LeoCalculator/Info.plist;
				INFOPLIST_KEY_UIApplicationSupportsIndirectInputEvents = YES;
				INFOPLIST_KEY_UILaunchStoryboardName = LaunchScreen;
				INFOPLIST_KEY_UISupportedInterfaceOrientations_iPad = "UIInterfaceOrientationPortrait UIInterfaceOrientationPortraitUpsideDown UIInterfaceOrientationLandscapeLeft UIInterfaceOrientationLandscapeRight";
				INFOPLIST_KEY_UISupportedInterfaceOrientations_iPhone = "UIInterfaceOrientationPortrait UIInterfaceOrientationLandscapeLeft UIInterfaceOrientationLandscapeRight";
				LD_RUNPATH_SEARCH_PATHS = (
					"$(inherited)",
					"@executable_path/Frameworks",
				);
				MARKETING_VERSION = 1.0;
				PRODUCT_BUNDLE_IDENTIFIER = com.cankurtur.LeoCalculator;
				PRODUCT_NAME = "$(TARGET_NAME)";
				SWIFT_EMIT_LOC_STRINGS = YES;
				SWIFT_VERSION = 5.0;
				TARGETED_DEVICE_FAMILY = "1,2";
			};
			name = Release;
		};
		2525C20B2A000C08002706F0 /* Debug */ = {
			isa = XCBuildConfiguration;
			buildSettings = {
				ALWAYS_EMBED_SWIFT_STANDARD_LIBRARIES = YES;
				BUNDLE_LOADER = "$(TEST_HOST)";
				CODE_SIGN_STYLE = Automatic;
				CURRENT_PROJECT_VERSION = 1;
				DEVELOPMENT_TEAM = WZ2D3R22K6;
				GENERATE_INFOPLIST_FILE = YES;
				IPHONEOS_DEPLOYMENT_TARGET = 16.4;
				MARKETING_VERSION = 1.0;
				PRODUCT_BUNDLE_IDENTIFIER = com.cankurtur.LeoCalculatorTests;
				PRODUCT_NAME = "$(TARGET_NAME)";
				SWIFT_EMIT_LOC_STRINGS = NO;
				SWIFT_VERSION = 5.0;
				TARGETED_DEVICE_FAMILY = "1,2";
				TEST_HOST = "$(BUILT_PRODUCTS_DIR)/LeoCalculator.app/$(BUNDLE_EXECUTABLE_FOLDER_PATH)/LeoCalculator";
			};
			name = Debug;
		};
		2525C20C2A000C08002706F0 /* Release */ = {
			isa = XCBuildConfiguration;
			buildSettings = {
				ALWAYS_EMBED_SWIFT_STANDARD_LIBRARIES = YES;
				BUNDLE_LOADER = "$(TEST_HOST)";
				CODE_SIGN_STYLE = Automatic;
				CURRENT_PROJECT_VERSION = 1;
				DEVELOPMENT_TEAM = WZ2D3R22K6;
				GENERATE_INFOPLIST_FILE = YES;
				IPHONEOS_DEPLOYMENT_TARGET = 16.4;
				MARKETING_VERSION = 1.0;
				PRODUCT_BUNDLE_IDENTIFIER = com.cankurtur.LeoCalculatorTests;
				PRODUCT_NAME = "$(TARGET_NAME)";
				SWIFT_EMIT_LOC_STRINGS = NO;
				SWIFT_VERSION = 5.0;
				TARGETED_DEVICE_FAMILY = "1,2";
				TEST_HOST = "$(BUILT_PRODUCTS_DIR)/LeoCalculator.app/$(BUNDLE_EXECUTABLE_FOLDER_PATH)/LeoCalculator";
			};
			name = Release;
		};
		2525C20E2A000C08002706F0 /* Debug */ = {
			isa = XCBuildConfiguration;
			buildSettings = {
				ALWAYS_EMBED_SWIFT_STANDARD_LIBRARIES = YES;
				CODE_SIGN_STYLE = Automatic;
				CURRENT_PROJECT_VERSION = 1;
				DEVELOPMENT_TEAM = WZ2D3R22K6;
				GENERATE_INFOPLIST_FILE = YES;
				MARKETING_VERSION = 1.0;
				PRODUCT_BUNDLE_IDENTIFIER = com.cankurtur.LeoCalculatorUITests;
				PRODUCT_NAME = "$(TARGET_NAME)";
				SWIFT_EMIT_LOC_STRINGS = NO;
				SWIFT_VERSION = 5.0;
				TARGETED_DEVICE_FAMILY = "1,2";
				TEST_TARGET_NAME = LeoCalculator;
			};
			name = Debug;
		};
		2525C20F2A000C08002706F0 /* Release */ = {
			isa = XCBuildConfiguration;
			buildSettings = {
				ALWAYS_EMBED_SWIFT_STANDARD_LIBRARIES = YES;
				CODE_SIGN_STYLE = Automatic;
				CURRENT_PROJECT_VERSION = 1;
				DEVELOPMENT_TEAM = WZ2D3R22K6;
				GENERATE_INFOPLIST_FILE = YES;
				MARKETING_VERSION = 1.0;
				PRODUCT_BUNDLE_IDENTIFIER = com.cankurtur.LeoCalculatorUITests;
				PRODUCT_NAME = "$(TARGET_NAME)";
				SWIFT_EMIT_LOC_STRINGS = NO;
				SWIFT_VERSION = 5.0;
				TARGETED_DEVICE_FAMILY = "1,2";
				TEST_TARGET_NAME = LeoCalculator;
			};
			name = Release;
		};
/* End XCBuildConfiguration section */

/* Begin XCConfigurationList section */
		2525C1D82A000C07002706F0 /* Build configuration list for PBXProject "LeoCalculator" */ = {
			isa = XCConfigurationList;
			buildConfigurations = (
				2525C2052A000C08002706F0 /* Debug */,
				2525C2062A000C08002706F0 /* Release */,
			);
			defaultConfigurationIsVisible = 0;
			defaultConfigurationName = Release;
		};
		2525C2072A000C08002706F0 /* Build configuration list for PBXNativeTarget "LeoCalculator" */ = {
			isa = XCConfigurationList;
			buildConfigurations = (
				2525C2082A000C08002706F0 /* Debug */,
				2525C2092A000C08002706F0 /* Release */,
			);
			defaultConfigurationIsVisible = 0;
			defaultConfigurationName = Release;
		};
		2525C20A2A000C08002706F0 /* Build configuration list for PBXNativeTarget "LeoCalculatorTests" */ = {
			isa = XCConfigurationList;
			buildConfigurations = (
				2525C20B2A000C08002706F0 /* Debug */,
				2525C20C2A000C08002706F0 /* Release */,
			);
			defaultConfigurationIsVisible = 0;
			defaultConfigurationName = Release;
		};
		2525C20D2A000C08002706F0 /* Build configuration list for PBXNativeTarget "LeoCalculatorUITests" */ = {
			isa = XCConfigurationList;
			buildConfigurations = (
				2525C20E2A000C08002706F0 /* Debug */,
				2525C20F2A000C08002706F0 /* Release */,
			);
			defaultConfigurationIsVisible = 0;
			defaultConfigurationName = Release;
		};
/* End XCConfigurationList section */
	};
	rootObject = 2525C1D52A000C07002706F0 /* Project object */;
}
